
Microsoft Visual Studio Solution File, Format Version 12.00
# Visual Studio 15
VisualStudioVersion = 15.0.28010.2019
MinimumVisualStudioVersion = 10.0.40219.1
Project("{8BC9CEB8-8B4A-11D0-8D11-00A0C91BC942}") = "TauEditor", "tau\TauEditor\TauEditor.vcxproj", "{88B313A3-ED52-4C3B-8760-436745857340}"
	ProjectSection(ProjectDependencies) = postProject
		{F6A7C1B6-572B-446F-84CB-3771C747534D} = {F6A7C1B6-572B-446F-84CB-3771C747534D}
		{26293AE2-B33C-45FF-8D0D-F2B82B8F4C60} = {26293AE2-B33C-45FF-8D0D-F2B82B8F4C60}
	EndProjectSection
EndProject
Project("{8BC9CEB8-8B4A-11D0-8D11-00A0C91BC942}") = "TauEngine", "tau\TauEngine\TauEngine.vcxproj", "{F6A7C1B6-572B-446F-84CB-3771C747534D}"
	ProjectSection(ProjectDependencies) = postProject
		{BC4D328B-A0E6-4CD9-9100-3D0457D28531} = {BC4D328B-A0E6-4CD9-9100-3D0457D28531}
		{26293AE2-B33C-45FF-8D0D-F2B82B8F4C60} = {26293AE2-B33C-45FF-8D0D-F2B82B8F4C60}
	EndProjectSection
EndProject
Project("{8BC9CEB8-8B4A-11D0-8D11-00A0C91BC942}") = "TauUtils", "tau\TauUtils\TauUtils.vcxproj", "{26293AE2-B33C-45FF-8D0D-F2B82B8F4C60}"
EndProject
Project("{8BC9CEB8-8B4A-11D0-8D11-00A0C91BC942}") = "GLEW", "libs\GLEW\GLEW.vcxproj", "{BC4D328B-A0E6-4CD9-9100-3D0457D28531}"
EndProject
Project("{8BC9CEB8-8B4A-11D0-8D11-00A0C91BC942}") = "LZMA", "libs\LZMA\LZMA.vcxproj", "{CB1F4A72-27FA-4802-9F10-E49B6BC6701D}"
EndProject
Project("{FAE04EC0-301F-11D3-BF4B-00C04F79EFBC}") = "I18nEditor", "utils\I18nEditor\I18nEditor.csproj", "{309B72BB-8CB1-4724-B19D-AD536997F215}"
EndProject
Project("{8BC9CEB8-8B4A-11D0-8D11-00A0C91BC942}") = "SPDLog", "libs\SPDLog\SPDLog.vcxproj", "{EED20631-564B-4DE7-A980-5BADC0533DC1}"
EndProject
Project("{8BC9CEB8-8B4A-11D0-8D11-00A0C91BC942}") = "CPPTestings", "test\CPPTestings\CPPTestings.vcxproj", "{290DB288-841E-4EFC-BB35-F1453C90FC95}"
EndProject
Project("{FAE04EC0-301F-11D3-BF4B-00C04F79EFBC}") = "PNGUtils", "utils\PNGUtils\PNGUtils.csproj", "{EEC32900-2666-4E96-A1D6-E7F51F331FBA}"
EndProject
Project("{9A19103F-16F7-4668-BE54-9A1E7A4F7556}") = "LZMA_CS", "libs\LZMA_CS\LZMA_CS.csproj", "{6CFE93F1-6B25-4B8E-96D4-67DB4D92AAD3}"
EndProject
Project("{9A19103F-16F7-4668-BE54-9A1E7A4F7556}") = "BinaryGL", "utils\BinaryGL\BinaryGL.csproj", "{EFEFC780-E55E-4D58-A309-49298A4485F5}"
EndProject
Project("{8BC9CEB8-8B4A-11D0-8D11-00A0C91BC942}") = "TauLauncher", "tau\TauLauncher\TauLauncher.vcxproj", "{22913B9F-5013-49F4-95C3-FF561040149D}"
	ProjectSection(ProjectDependencies) = postProject
		{88B313A3-ED52-4C3B-8760-436745857340} = {88B313A3-ED52-4C3B-8760-436745857340}
		{26293AE2-B33C-45FF-8D0D-F2B82B8F4C60} = {26293AE2-B33C-45FF-8D0D-F2B82B8F4C60}
	EndProjectSection
EndProject
Global
	GlobalSection(SolutionConfigurationPlatforms) = preSolution
		Debug|Any CPU = Debug|Any CPU
		Debug|x64 = Debug|x64
		Production|Any CPU = Production|Any CPU
		Production|x64 = Production|x64
		Release|Any CPU = Release|Any CPU
		Release|x64 = Release|x64
	EndGlobalSection
	GlobalSection(ProjectConfigurationPlatforms) = postSolution
		{88B313A3-ED52-4C3B-8760-436745857340}.Debug|Any CPU.ActiveCfg = Debug|Win32
		{88B313A3-ED52-4C3B-8760-436745857340}.Debug|x64.ActiveCfg = Debug|x64
		{88B313A3-ED52-4C3B-8760-436745857340}.Debug|x64.Build.0 = Debug|x64
		{88B313A3-ED52-4C3B-8760-436745857340}.Production|Any CPU.ActiveCfg = Production|Win32
		{88B313A3-ED52-4C3B-8760-436745857340}.Production|x64.ActiveCfg = Production|x64
		{88B313A3-ED52-4C3B-8760-436745857340}.Release|Any CPU.ActiveCfg = Release|Win32
		{88B313A3-ED52-4C3B-8760-436745857340}.Release|x64.ActiveCfg = Release|x64
		{88B313A3-ED52-4C3B-8760-436745857340}.Release|x64.Build.0 = Release|x64
		{F6A7C1B6-572B-446F-84CB-3771C747534D}.Debug|Any CPU.ActiveCfg = Debug|x64
		{F6A7C1B6-572B-446F-84CB-3771C747534D}.Debug|x64.ActiveCfg = Debug|x64
		{F6A7C1B6-572B-446F-84CB-3771C747534D}.Debug|x64.Build.0 = Debug|x64
		{F6A7C1B6-572B-446F-84CB-3771C747534D}.Production|Any CPU.ActiveCfg = Production|x64
		{F6A7C1B6-572B-446F-84CB-3771C747534D}.Production|x64.ActiveCfg = Production|x64
		{F6A7C1B6-572B-446F-84CB-3771C747534D}.Release|Any CPU.ActiveCfg = Release|x64
		{F6A7C1B6-572B-446F-84CB-3771C747534D}.Release|x64.ActiveCfg = Release|x64
		{F6A7C1B6-572B-446F-84CB-3771C747534D}.Release|x64.Build.0 = Release|x64
		{26293AE2-B33C-45FF-8D0D-F2B82B8F4C60}.Debug|Any CPU.ActiveCfg = Debug|Win32
		{26293AE2-B33C-45FF-8D0D-F2B82B8F4C60}.Debug|x64.ActiveCfg = Debug|x64
		{26293AE2-B33C-45FF-8D0D-F2B82B8F4C60}.Debug|x64.Build.0 = Debug|x64
		{26293AE2-B33C-45FF-8D0D-F2B82B8F4C60}.Production|Any CPU.ActiveCfg = Production|Win32
		{26293AE2-B33C-45FF-8D0D-F2B82B8F4C60}.Production|x64.ActiveCfg = Production|x64
		{26293AE2-B33C-45FF-8D0D-F2B82B8F4C60}.Release|Any CPU.ActiveCfg = Release|Win32
		{26293AE2-B33C-45FF-8D0D-F2B82B8F4C60}.Release|x64.ActiveCfg = Release|x64
		{26293AE2-B33C-45FF-8D0D-F2B82B8F4C60}.Release|x64.Build.0 = Release|x64
		{BC4D328B-A0E6-4CD9-9100-3D0457D28531}.Debug|Any CPU.ActiveCfg = Debug|Win32
		{BC4D328B-A0E6-4CD9-9100-3D0457D28531}.Debug|x64.ActiveCfg = Debug|x64
		{BC4D328B-A0E6-4CD9-9100-3D0457D28531}.Debug|x64.Build.0 = Debug|x64
		{BC4D328B-A0E6-4CD9-9100-3D0457D28531}.Production|Any CPU.ActiveCfg = Production|Win32
		{BC4D328B-A0E6-4CD9-9100-3D0457D28531}.Production|x64.ActiveCfg = Production|x64
		{BC4D328B-A0E6-4CD9-9100-3D0457D28531}.Release|Any CPU.ActiveCfg = Release|Win32
		{BC4D328B-A0E6-4CD9-9100-3D0457D28531}.Release|x64.ActiveCfg = Release|x64
		{BC4D328B-A0E6-4CD9-9100-3D0457D28531}.Release|x64.Build.0 = Release|x64
		{CB1F4A72-27FA-4802-9F10-E49B6BC6701D}.Debug|Any CPU.ActiveCfg = Debug|Win32
		{CB1F4A72-27FA-4802-9F10-E49B6BC6701D}.Debug|x64.ActiveCfg = Debug|x64
		{CB1F4A72-27FA-4802-9F10-E49B6BC6701D}.Debug|x64.Build.0 = Debug|x64
		{CB1F4A72-27FA-4802-9F10-E49B6BC6701D}.Production|Any CPU.ActiveCfg = Production|Win32
		{CB1F4A72-27FA-4802-9F10-E49B6BC6701D}.Production|x64.ActiveCfg = Production|x64
		{CB1F4A72-27FA-4802-9F10-E49B6BC6701D}.Release|Any CPU.ActiveCfg = Release|Win32
		{CB1F4A72-27FA-4802-9F10-E49B6BC6701D}.Release|x64.ActiveCfg = Release|x64
		{CB1F4A72-27FA-4802-9F10-E49B6BC6701D}.Release|x64.Build.0 = Release|x64
		{309B72BB-8CB1-4724-B19D-AD536997F215}.Debug|Any CPU.ActiveCfg = Debug|Any CPU
		{309B72BB-8CB1-4724-B19D-AD536997F215}.Debug|Any CPU.Build.0 = Debug|Any CPU
		{309B72BB-8CB1-4724-B19D-AD536997F215}.Debug|x64.ActiveCfg = Debug|Any CPU
		{309B72BB-8CB1-4724-B19D-AD536997F215}.Debug|x64.Build.0 = Debug|Any CPU
		{309B72BB-8CB1-4724-B19D-AD536997F215}.Production|Any CPU.ActiveCfg = Production|Any CPU
		{309B72BB-8CB1-4724-B19D-AD536997F215}.Production|Any CPU.Build.0 = Production|Any CPU
		{309B72BB-8CB1-4724-B19D-AD536997F215}.Production|x64.ActiveCfg = Production|Any CPU
		{309B72BB-8CB1-4724-B19D-AD536997F215}.Production|x64.Build.0 = Production|Any CPU
		{309B72BB-8CB1-4724-B19D-AD536997F215}.Release|Any CPU.ActiveCfg = Release|Any CPU
		{309B72BB-8CB1-4724-B19D-AD536997F215}.Release|Any CPU.Build.0 = Release|Any CPU
		{309B72BB-8CB1-4724-B19D-AD536997F215}.Release|x64.ActiveCfg = Release|Any CPU
		{309B72BB-8CB1-4724-B19D-AD536997F215}.Release|x64.Build.0 = Release|Any CPU
		{EED20631-564B-4DE7-A980-5BADC0533DC1}.Debug|Any CPU.ActiveCfg = Debug|Win32
		{EED20631-564B-4DE7-A980-5BADC0533DC1}.Debug|x64.ActiveCfg = Debug|x64
		{EED20631-564B-4DE7-A980-5BADC0533DC1}.Debug|x64.Build.0 = Debug|x64
		{EED20631-564B-4DE7-A980-5BADC0533DC1}.Production|Any CPU.ActiveCfg = Production|Win32
		{EED20631-564B-4DE7-A980-5BADC0533DC1}.Production|x64.ActiveCfg = Production|x64
		{EED20631-564B-4DE7-A980-5BADC0533DC1}.Release|Any CPU.ActiveCfg = Release|Win32
		{EED20631-564B-4DE7-A980-5BADC0533DC1}.Release|x64.ActiveCfg = Release|x64
		{EED20631-564B-4DE7-A980-5BADC0533DC1}.Release|x64.Build.0 = Release|x64
		{290DB288-841E-4EFC-BB35-F1453C90FC95}.Debug|Any CPU.ActiveCfg = Debug|Win32
		{290DB288-841E-4EFC-BB35-F1453C90FC95}.Debug|x64.ActiveCfg = Debug|x64
		{290DB288-841E-4EFC-BB35-F1453C90FC95}.Debug|x64.Build.0 = Debug|x64
		{290DB288-841E-4EFC-BB35-F1453C90FC95}.Production|Any CPU.ActiveCfg = Production|Win32
		{290DB288-841E-4EFC-BB35-F1453C90FC95}.Production|x64.ActiveCfg = Production|x64
		{290DB288-841E-4EFC-BB35-F1453C90FC95}.Release|Any CPU.ActiveCfg = Release|Win32
		{290DB288-841E-4EFC-BB35-F1453C90FC95}.Release|x64.ActiveCfg = Release|x64
		{290DB288-841E-4EFC-BB35-F1453C90FC95}.Release|x64.Build.0 = Release|x64
		{EEC32900-2666-4E96-A1D6-E7F51F331FBA}.Debug|Any CPU.ActiveCfg = Debug|Any CPU
		{EEC32900-2666-4E96-A1D6-E7F51F331FBA}.Debug|Any CPU.Build.0 = Debug|Any CPU
		{EEC32900-2666-4E96-A1D6-E7F51F331FBA}.Debug|x64.ActiveCfg = Debug|Any CPU
		{EEC32900-2666-4E96-A1D6-E7F51F331FBA}.Debug|x64.Build.0 = Debug|Any CPU
		{EEC32900-2666-4E96-A1D6-E7F51F331FBA}.Production|Any CPU.ActiveCfg = Production|Any CPU
		{EEC32900-2666-4E96-A1D6-E7F51F331FBA}.Production|Any CPU.Build.0 = Production|Any CPU
		{EEC32900-2666-4E96-A1D6-E7F51F331FBA}.Production|x64.ActiveCfg = Production|Any CPU
		{EEC32900-2666-4E96-A1D6-E7F51F331FBA}.Production|x64.Build.0 = Production|Any CPU
		{EEC32900-2666-4E96-A1D6-E7F51F331FBA}.Release|Any CPU.ActiveCfg = Release|Any CPU
		{EEC32900-2666-4E96-A1D6-E7F51F331FBA}.Release|Any CPU.Build.0 = Release|Any CPU
		{EEC32900-2666-4E96-A1D6-E7F51F331FBA}.Release|x64.ActiveCfg = Release|Any CPU
		{EEC32900-2666-4E96-A1D6-E7F51F331FBA}.Release|x64.Build.0 = Release|Any CPU
		{6CFE93F1-6B25-4B8E-96D4-67DB4D92AAD3}.Debug|Any CPU.ActiveCfg = Debug|Any CPU
		{6CFE93F1-6B25-4B8E-96D4-67DB4D92AAD3}.Debug|Any CPU.Build.0 = Debug|Any CPU
		{6CFE93F1-6B25-4B8E-96D4-67DB4D92AAD3}.Debug|x64.ActiveCfg = Debug|Any CPU
		{6CFE93F1-6B25-4B8E-96D4-67DB4D92AAD3}.Debug|x64.Build.0 = Debug|Any CPU
		{6CFE93F1-6B25-4B8E-96D4-67DB4D92AAD3}.Production|Any CPU.ActiveCfg = Production|Any CPU
		{6CFE93F1-6B25-4B8E-96D4-67DB4D92AAD3}.Production|Any CPU.Build.0 = Production|Any CPU
		{6CFE93F1-6B25-4B8E-96D4-67DB4D92AAD3}.Production|x64.ActiveCfg = Production|Any CPU
		{6CFE93F1-6B25-4B8E-96D4-67DB4D92AAD3}.Production|x64.Build.0 = Production|Any CPU
		{6CFE93F1-6B25-4B8E-96D4-67DB4D92AAD3}.Release|Any CPU.ActiveCfg = Release|Any CPU
		{6CFE93F1-6B25-4B8E-96D4-67DB4D92AAD3}.Release|Any CPU.Build.0 = Release|Any CPU
		{6CFE93F1-6B25-4B8E-96D4-67DB4D92AAD3}.Release|x64.ActiveCfg = Release|Any CPU
		{6CFE93F1-6B25-4B8E-96D4-67DB4D92AAD3}.Release|x64.Build.0 = Release|Any CPU
		{EFEFC780-E55E-4D58-A309-49298A4485F5}.Debug|Any CPU.ActiveCfg = Debug|Any CPU
		{EFEFC780-E55E-4D58-A309-49298A4485F5}.Debug|Any CPU.Build.0 = Debug|Any CPU
		{EFEFC780-E55E-4D58-A309-49298A4485F5}.Debug|x64.ActiveCfg = Debug|Any CPU
		{EFEFC780-E55E-4D58-A309-49298A4485F5}.Debug|x64.Build.0 = Debug|Any CPU
		{EFEFC780-E55E-4D58-A309-49298A4485F5}.Production|Any CPU.ActiveCfg = Production|Any CPU
		{EFEFC780-E55E-4D58-A309-49298A4485F5}.Production|Any CPU.Build.0 = Production|Any CPU
		{EFEFC780-E55E-4D58-A309-49298A4485F5}.Production|x64.ActiveCfg = Production|Any CPU
		{EFEFC780-E55E-4D58-A309-49298A4485F5}.Production|x64.Build.0 = Production|Any CPU
		{EFEFC780-E55E-4D58-A309-49298A4485F5}.Release|Any CPU.ActiveCfg = Release|Any CPU
		{EFEFC780-E55E-4D58-A309-49298A4485F5}.Release|Any CPU.Build.0 = Release|Any CPU
		{EFEFC780-E55E-4D58-A309-49298A4485F5}.Release|x64.ActiveCfg = Release|Any CPU
		{EFEFC780-E55E-4D58-A309-49298A4485F5}.Release|x64.Build.0 = Release|Any CPU
		{22913B9F-5013-49F4-95C3-FF561040149D}.Debug|Any CPU.ActiveCfg = Debug|Win32
		{22913B9F-5013-49F4-95C3-FF561040149D}.Debug|x64.ActiveCfg = Debug|x64
		{22913B9F-5013-49F4-95C3-FF561040149D}.Debug|x64.Build.0 = Debug|x64
		{22913B9F-5013-49F4-95C3-FF561040149D}.Production|Any CPU.ActiveCfg = Production|Win32
		{22913B9F-5013-49F4-95C3-FF561040149D}.Production|x64.ActiveCfg = Production|x64
		{22913B9F-5013-49F4-95C3-FF561040149D}.Release|Any CPU.ActiveCfg = Release|Win32
		{22913B9F-5013-49F4-95C3-FF561040149D}.Release|x64.ActiveCfg = Release|x64
		{22913B9F-5013-49F4-95C3-FF561040149D}.Release|x64.Build.0 = Release|x64
	EndGlobalSection
	GlobalSection(SolutionProperties) = preSolution
		HideSolutionNode = FALSE
	EndGlobalSection
	GlobalSection(ExtensibilityGlobals) = postSolution
		SolutionGuid = {81E9ACA1-2025-4942-A05A-3183B69E433D}
	EndGlobalSection
	GlobalSection(Performance) = preSolution
		HasPerformanceSessions = true
	EndGlobalSection
	GlobalSection(Performance) = preSolution
		HasPerformanceSessions = true
	EndGlobalSection
	GlobalSection(Performance) = preSolution
		HasPerformanceSessions = true
	EndGlobalSection
EndGlobal
