
Microsoft Visual Studio Solution File, Format Version 12.00
# Visual Studio Version 16
VisualStudioVersion = 16.0.29306.81
MinimumVisualStudioVersion = 10.0.40219.1
Project("{8BC9CEB8-8B4A-11D0-8D11-00A0C91BC942}") = "TauEditor", "tau\TauEditor\TauEditor.vcxproj", "{88B313A3-ED52-4C3B-8760-436745857340}"
	ProjectSection(ProjectDependencies) = postProject
		{EED20631-564B-4DE7-A980-5BADC0533DC1} = {EED20631-564B-4DE7-A980-5BADC0533DC1}
		{9933887F-700C-4176-A185-10FEFF66DC5C} = {9933887F-700C-4176-A185-10FEFF66DC5C}
		{F6A7C1B6-572B-446F-84CB-3771C747534D} = {F6A7C1B6-572B-446F-84CB-3771C747534D}
		{26293AE2-B33C-45FF-8D0D-F2B82B8F4C60} = {26293AE2-B33C-45FF-8D0D-F2B82B8F4C60}
	EndProjectSection
EndProject
Project("{8BC9CEB8-8B4A-11D0-8D11-00A0C91BC942}") = "TauEngine", "tau\TauEngine\TauEngine.vcxproj", "{F6A7C1B6-572B-446F-84CB-3771C747534D}"
	ProjectSection(ProjectDependencies) = postProject
		{EED20631-564B-4DE7-A980-5BADC0533DC1} = {EED20631-564B-4DE7-A980-5BADC0533DC1}
		{9933887F-700C-4176-A185-10FEFF66DC5C} = {9933887F-700C-4176-A185-10FEFF66DC5C}
		{26293AE2-B33C-45FF-8D0D-F2B82B8F4C60} = {26293AE2-B33C-45FF-8D0D-F2B82B8F4C60}
	EndProjectSection
EndProject
Project("{8BC9CEB8-8B4A-11D0-8D11-00A0C91BC942}") = "TauUtils", "tau\TauUtils\TauUtils.vcxproj", "{26293AE2-B33C-45FF-8D0D-F2B82B8F4C60}"
EndProject
Project("{8BC9CEB8-8B4A-11D0-8D11-00A0C91BC942}") = "GLEW", "libs\GLEW\GLEW.vcxproj", "{BC4D328B-A0E6-4CD9-9100-3D0457D28531}"
EndProject
Project("{8BC9CEB8-8B4A-11D0-8D11-00A0C91BC942}") = "SPDLog", "libs\SPDLog\SPDLog.vcxproj", "{EED20631-564B-4DE7-A980-5BADC0533DC1}"
EndProject
Project("{8BC9CEB8-8B4A-11D0-8D11-00A0C91BC942}") = "CPPTestings", "test\CPPTestings\CPPTestings.vcxproj", "{290DB288-841E-4EFC-BB35-F1453C90FC95}"
EndProject
Project("{8BC9CEB8-8B4A-11D0-8D11-00A0C91BC942}") = "ImageUtils", "utils\ImageUtils\ImageUtils.vcxproj", "{BBB86263-E682-4219-8FF4-3FABAC1F651F}"
	ProjectSection(ProjectDependencies) = postProject
		{26293AE2-B33C-45FF-8D0D-F2B82B8F4C60} = {26293AE2-B33C-45FF-8D0D-F2B82B8F4C60}
	EndProjectSection
EndProject
Project("{8BC9CEB8-8B4A-11D0-8D11-00A0C91BC942}") = "LZMA", "libs\LZMA\LZMA.vcxproj", "{99B14E0F-DA50-4478-9B83-FB611B88CE8A}"
EndProject
Project("{8BC9CEB8-8B4A-11D0-8D11-00A0C91BC942}") = "ResourceLib", "utils\ResourceLib\ResourceLib.vcxproj", "{9933887F-700C-4176-A185-10FEFF66DC5C}"
	ProjectSection(ProjectDependencies) = postProject
		{99B14E0F-DA50-4478-9B83-FB611B88CE8A} = {99B14E0F-DA50-4478-9B83-FB611B88CE8A}
		{EED20631-564B-4DE7-A980-5BADC0533DC1} = {EED20631-564B-4DE7-A980-5BADC0533DC1}
		{26293AE2-B33C-45FF-8D0D-F2B82B8F4C60} = {26293AE2-B33C-45FF-8D0D-F2B82B8F4C60}
	EndProjectSection
EndProject
Project("{8BC9CEB8-8B4A-11D0-8D11-00A0C91BC942}") = "UnitTest", "test\UnitTest\UnitTest.vcxproj", "{7121518C-E7B8-4FCE-9A95-540D23949660}"
	ProjectSection(ProjectDependencies) = postProject
		{C112A295-50D5-4DDC-8748-E01A33B601D0} = {C112A295-50D5-4DDC-8748-E01A33B601D0}
		{26293AE2-B33C-45FF-8D0D-F2B82B8F4C60} = {26293AE2-B33C-45FF-8D0D-F2B82B8F4C60}
	EndProjectSection
EndProject
Project("{8BC9CEB8-8B4A-11D0-8D11-00A0C91BC942}") = "VulkanTest", "test\VulkanTest\VulkanTest.vcxproj", "{FB8EFDCD-A4E4-4F0E-A38F-1C2F6181AE8F}"
EndProject
Project("{2150E333-8FDC-42A3-9474-1A3956D46DE8}") = "Solution Items", "Solution Items", "{B76203E6-F303-4253-A2A9-DDDAC4455BA7}"
	ProjectSection(SolutionItems) = preProject
		tau\TauEngine\natvis\DynArray.natvis = tau\TauEngine\natvis\DynArray.natvis
		tau\TauEngine\natvis\ReferenceCountingPointer.natvis = tau\TauEngine\natvis\ReferenceCountingPointer.natvis
		tau\TauEngine\natvis\Vector.natvis = tau\TauEngine\natvis\Vector.natvis
		tau\TauEngine\natvis\Window.natvis = tau\TauEngine\natvis\Window.natvis
	EndProjectSection
EndProject
Project("{8BC9CEB8-8B4A-11D0-8D11-00A0C91BC942}") = "TauMathLib", "tau\TauMathLib\TauMathLib.vcxproj", "{C112A295-50D5-4DDC-8748-E01A33B601D0}"
EndProject
Project("{8BC9CEB8-8B4A-11D0-8D11-00A0C91BC942}") = "OpenGLTest", "test\OpenGLTest\OpenGLTest.vcxproj", "{0C53DF4E-115D-4A52-AA17-55C7F46E27E2}"
EndProject
Project("{8BC9CEB8-8B4A-11D0-8D11-00A0C91BC942}") = "RayMarchingTest", "test\RayMarchingTest\RayMarchingTest.vcxproj", "{9A59491F-BB85-4EAC-9719-20D9CDD011AB}"
EndProject
Global
	GlobalSection(SolutionConfigurationPlatforms) = preSolution
		Debug|Any CPU = Debug|Any CPU
		Debug|x64 = Debug|x64
		Debug|x86 = Debug|x86
		OptimizedDebug|Any CPU = OptimizedDebug|Any CPU
		OptimizedDebug|x64 = OptimizedDebug|x64
		OptimizedDebug|x86 = OptimizedDebug|x86
		Production|Any CPU = Production|Any CPU
		Production|x64 = Production|x64
		Production|x86 = Production|x86
		Release|Any CPU = Release|Any CPU
		Release|x64 = Release|x64
		Release|x86 = Release|x86
	EndGlobalSection
	GlobalSection(ProjectConfigurationPlatforms) = postSolution
		{88B313A3-ED52-4C3B-8760-436745857340}.Debug|Any CPU.ActiveCfg = Debug|x64
		{88B313A3-ED52-4C3B-8760-436745857340}.Debug|x64.ActiveCfg = Debug|x64
		{88B313A3-ED52-4C3B-8760-436745857340}.Debug|x64.Build.0 = Debug|x64
		{88B313A3-ED52-4C3B-8760-436745857340}.Debug|x86.ActiveCfg = Production|x64
		{88B313A3-ED52-4C3B-8760-436745857340}.Debug|x86.Build.0 = Production|x64
		{88B313A3-ED52-4C3B-8760-436745857340}.OptimizedDebug|Any CPU.ActiveCfg = OptimizedDebug|x64
		{88B313A3-ED52-4C3B-8760-436745857340}.OptimizedDebug|x64.ActiveCfg = OptimizedDebug|x64
		{88B313A3-ED52-4C3B-8760-436745857340}.OptimizedDebug|x64.Build.0 = OptimizedDebug|x64
		{88B313A3-ED52-4C3B-8760-436745857340}.OptimizedDebug|x86.ActiveCfg = OptimizedDebug|x64
		{88B313A3-ED52-4C3B-8760-436745857340}.Production|Any CPU.ActiveCfg = Production|x64
		{88B313A3-ED52-4C3B-8760-436745857340}.Production|x64.ActiveCfg = Production|x64
		{88B313A3-ED52-4C3B-8760-436745857340}.Production|x86.ActiveCfg = Production|x64
		{88B313A3-ED52-4C3B-8760-436745857340}.Release|Any CPU.ActiveCfg = Release|x64
		{88B313A3-ED52-4C3B-8760-436745857340}.Release|x64.ActiveCfg = Release|x64
		{88B313A3-ED52-4C3B-8760-436745857340}.Release|x64.Build.0 = Release|x64
		{88B313A3-ED52-4C3B-8760-436745857340}.Release|x86.ActiveCfg = Release|x64
		{F6A7C1B6-572B-446F-84CB-3771C747534D}.Debug|Any CPU.ActiveCfg = Debug|x64
		{F6A7C1B6-572B-446F-84CB-3771C747534D}.Debug|x64.ActiveCfg = Debug|x64
		{F6A7C1B6-572B-446F-84CB-3771C747534D}.Debug|x64.Build.0 = Debug|x64
		{F6A7C1B6-572B-446F-84CB-3771C747534D}.Debug|x86.ActiveCfg = Debug|x64
		{F6A7C1B6-572B-446F-84CB-3771C747534D}.OptimizedDebug|Any CPU.ActiveCfg = OptimizedDebug|x64
		{F6A7C1B6-572B-446F-84CB-3771C747534D}.OptimizedDebug|x64.ActiveCfg = OptimizedDebug|x64
		{F6A7C1B6-572B-446F-84CB-3771C747534D}.OptimizedDebug|x64.Build.0 = OptimizedDebug|x64
		{F6A7C1B6-572B-446F-84CB-3771C747534D}.OptimizedDebug|x86.ActiveCfg = OptimizedDebug|x64
		{F6A7C1B6-572B-446F-84CB-3771C747534D}.Production|Any CPU.ActiveCfg = Production|x64
		{F6A7C1B6-572B-446F-84CB-3771C747534D}.Production|x64.ActiveCfg = Production|x64
		{F6A7C1B6-572B-446F-84CB-3771C747534D}.Production|x86.ActiveCfg = Production|x64
		{F6A7C1B6-572B-446F-84CB-3771C747534D}.Release|Any CPU.ActiveCfg = Release|x64
		{F6A7C1B6-572B-446F-84CB-3771C747534D}.Release|x64.ActiveCfg = Release|x64
		{F6A7C1B6-572B-446F-84CB-3771C747534D}.Release|x64.Build.0 = Release|x64
		{F6A7C1B6-572B-446F-84CB-3771C747534D}.Release|x86.ActiveCfg = Release|x64
		{26293AE2-B33C-45FF-8D0D-F2B82B8F4C60}.Debug|Any CPU.ActiveCfg = Debug|x64
		{26293AE2-B33C-45FF-8D0D-F2B82B8F4C60}.Debug|x64.ActiveCfg = Debug|x64
		{26293AE2-B33C-45FF-8D0D-F2B82B8F4C60}.Debug|x64.Build.0 = Debug|x64
		{26293AE2-B33C-45FF-8D0D-F2B82B8F4C60}.Debug|x86.ActiveCfg = Debug|x64
		{26293AE2-B33C-45FF-8D0D-F2B82B8F4C60}.Debug|x86.Build.0 = Debug|x64
		{26293AE2-B33C-45FF-8D0D-F2B82B8F4C60}.OptimizedDebug|Any CPU.ActiveCfg = OptimizedDebug|x64
		{26293AE2-B33C-45FF-8D0D-F2B82B8F4C60}.OptimizedDebug|x64.ActiveCfg = OptimizedDebug|x64
		{26293AE2-B33C-45FF-8D0D-F2B82B8F4C60}.OptimizedDebug|x64.Build.0 = OptimizedDebug|x64
		{26293AE2-B33C-45FF-8D0D-F2B82B8F4C60}.OptimizedDebug|x86.ActiveCfg = OptimizedDebug|x64
		{26293AE2-B33C-45FF-8D0D-F2B82B8F4C60}.OptimizedDebug|x86.Build.0 = OptimizedDebug|x64
		{26293AE2-B33C-45FF-8D0D-F2B82B8F4C60}.Production|Any CPU.ActiveCfg = Production|x64
		{26293AE2-B33C-45FF-8D0D-F2B82B8F4C60}.Production|x64.ActiveCfg = Production|x64
		{26293AE2-B33C-45FF-8D0D-F2B82B8F4C60}.Production|x86.ActiveCfg = Production|x64
		{26293AE2-B33C-45FF-8D0D-F2B82B8F4C60}.Production|x86.Build.0 = Production|x64
		{26293AE2-B33C-45FF-8D0D-F2B82B8F4C60}.Release|Any CPU.ActiveCfg = Release|x64
		{26293AE2-B33C-45FF-8D0D-F2B82B8F4C60}.Release|x64.ActiveCfg = Release|x64
		{26293AE2-B33C-45FF-8D0D-F2B82B8F4C60}.Release|x64.Build.0 = Release|x64
		{26293AE2-B33C-45FF-8D0D-F2B82B8F4C60}.Release|x86.ActiveCfg = Release|x64
		{26293AE2-B33C-45FF-8D0D-F2B82B8F4C60}.Release|x86.Build.0 = Release|x64
		{BC4D328B-A0E6-4CD9-9100-3D0457D28531}.Debug|Any CPU.ActiveCfg = Debug|Win32
		{BC4D328B-A0E6-4CD9-9100-3D0457D28531}.Debug|x64.ActiveCfg = Debug|x64
		{BC4D328B-A0E6-4CD9-9100-3D0457D28531}.Debug|x64.Build.0 = Debug|x64
		{BC4D328B-A0E6-4CD9-9100-3D0457D28531}.Debug|x86.ActiveCfg = Debug|Win32
		{BC4D328B-A0E6-4CD9-9100-3D0457D28531}.Debug|x86.Build.0 = Debug|Win32
		{BC4D328B-A0E6-4CD9-9100-3D0457D28531}.OptimizedDebug|Any CPU.ActiveCfg = OptimizedDebug|Win32
		{BC4D328B-A0E6-4CD9-9100-3D0457D28531}.OptimizedDebug|x64.ActiveCfg = OptimizedDebug|x64
		{BC4D328B-A0E6-4CD9-9100-3D0457D28531}.OptimizedDebug|x64.Build.0 = OptimizedDebug|x64
		{BC4D328B-A0E6-4CD9-9100-3D0457D28531}.OptimizedDebug|x86.ActiveCfg = OptimizedDebug|Win32
		{BC4D328B-A0E6-4CD9-9100-3D0457D28531}.OptimizedDebug|x86.Build.0 = OptimizedDebug|Win32
		{BC4D328B-A0E6-4CD9-9100-3D0457D28531}.Production|Any CPU.ActiveCfg = Production|Win32
		{BC4D328B-A0E6-4CD9-9100-3D0457D28531}.Production|x64.ActiveCfg = Production|x64
		{BC4D328B-A0E6-4CD9-9100-3D0457D28531}.Production|x86.ActiveCfg = Production|Win32
		{BC4D328B-A0E6-4CD9-9100-3D0457D28531}.Production|x86.Build.0 = Production|Win32
		{BC4D328B-A0E6-4CD9-9100-3D0457D28531}.Release|Any CPU.ActiveCfg = Release|Win32
		{BC4D328B-A0E6-4CD9-9100-3D0457D28531}.Release|x64.ActiveCfg = Release|x64
		{BC4D328B-A0E6-4CD9-9100-3D0457D28531}.Release|x64.Build.0 = Release|x64
		{BC4D328B-A0E6-4CD9-9100-3D0457D28531}.Release|x86.ActiveCfg = Release|Win32
		{BC4D328B-A0E6-4CD9-9100-3D0457D28531}.Release|x86.Build.0 = Release|Win32
		{EED20631-564B-4DE7-A980-5BADC0533DC1}.Debug|Any CPU.ActiveCfg = Debug|Win32
		{EED20631-564B-4DE7-A980-5BADC0533DC1}.Debug|x64.ActiveCfg = Debug|x64
		{EED20631-564B-4DE7-A980-5BADC0533DC1}.Debug|x64.Build.0 = Debug|x64
		{EED20631-564B-4DE7-A980-5BADC0533DC1}.Debug|x86.ActiveCfg = Debug|Win32
		{EED20631-564B-4DE7-A980-5BADC0533DC1}.Debug|x86.Build.0 = Debug|Win32
		{EED20631-564B-4DE7-A980-5BADC0533DC1}.OptimizedDebug|Any CPU.ActiveCfg = OptimizedDebug|Win32
		{EED20631-564B-4DE7-A980-5BADC0533DC1}.OptimizedDebug|x64.ActiveCfg = OptimizedDebug|x64
		{EED20631-564B-4DE7-A980-5BADC0533DC1}.OptimizedDebug|x64.Build.0 = OptimizedDebug|x64
		{EED20631-564B-4DE7-A980-5BADC0533DC1}.OptimizedDebug|x86.ActiveCfg = OptimizedDebug|Win32
		{EED20631-564B-4DE7-A980-5BADC0533DC1}.OptimizedDebug|x86.Build.0 = OptimizedDebug|Win32
		{EED20631-564B-4DE7-A980-5BADC0533DC1}.Production|Any CPU.ActiveCfg = Production|Win32
		{EED20631-564B-4DE7-A980-5BADC0533DC1}.Production|x64.ActiveCfg = Production|x64
		{EED20631-564B-4DE7-A980-5BADC0533DC1}.Production|x86.ActiveCfg = Production|Win32
		{EED20631-564B-4DE7-A980-5BADC0533DC1}.Production|x86.Build.0 = Production|Win32
		{EED20631-564B-4DE7-A980-5BADC0533DC1}.Release|Any CPU.ActiveCfg = Release|Win32
		{EED20631-564B-4DE7-A980-5BADC0533DC1}.Release|x64.ActiveCfg = Release|x64
		{EED20631-564B-4DE7-A980-5BADC0533DC1}.Release|x64.Build.0 = Release|x64
		{EED20631-564B-4DE7-A980-5BADC0533DC1}.Release|x86.ActiveCfg = Release|Win32
		{EED20631-564B-4DE7-A980-5BADC0533DC1}.Release|x86.Build.0 = Release|Win32
		{290DB288-841E-4EFC-BB35-F1453C90FC95}.Debug|Any CPU.ActiveCfg = Debug|Win32
		{290DB288-841E-4EFC-BB35-F1453C90FC95}.Debug|x64.ActiveCfg = Debug|x64
		{290DB288-841E-4EFC-BB35-F1453C90FC95}.Debug|x64.Build.0 = Debug|x64
		{290DB288-841E-4EFC-BB35-F1453C90FC95}.Debug|x86.ActiveCfg = Debug|Win32
		{290DB288-841E-4EFC-BB35-F1453C90FC95}.Debug|x86.Build.0 = Debug|Win32
		{290DB288-841E-4EFC-BB35-F1453C90FC95}.OptimizedDebug|Any CPU.ActiveCfg = OptimizedDebug|Win32
		{290DB288-841E-4EFC-BB35-F1453C90FC95}.OptimizedDebug|x64.ActiveCfg = OptimizedDebug|x64
		{290DB288-841E-4EFC-BB35-F1453C90FC95}.OptimizedDebug|x64.Build.0 = OptimizedDebug|x64
		{290DB288-841E-4EFC-BB35-F1453C90FC95}.OptimizedDebug|x86.ActiveCfg = OptimizedDebug|Win32
		{290DB288-841E-4EFC-BB35-F1453C90FC95}.OptimizedDebug|x86.Build.0 = OptimizedDebug|Win32
		{290DB288-841E-4EFC-BB35-F1453C90FC95}.Production|Any CPU.ActiveCfg = Production|Win32
		{290DB288-841E-4EFC-BB35-F1453C90FC95}.Production|x64.ActiveCfg = Production|x64
		{290DB288-841E-4EFC-BB35-F1453C90FC95}.Production|x86.ActiveCfg = Production|Win32
		{290DB288-841E-4EFC-BB35-F1453C90FC95}.Production|x86.Build.0 = Production|Win32
		{290DB288-841E-4EFC-BB35-F1453C90FC95}.Release|Any CPU.ActiveCfg = Release|Win32
		{290DB288-841E-4EFC-BB35-F1453C90FC95}.Release|x64.ActiveCfg = Release|x64
		{290DB288-841E-4EFC-BB35-F1453C90FC95}.Release|x64.Build.0 = Release|x64
		{290DB288-841E-4EFC-BB35-F1453C90FC95}.Release|x86.ActiveCfg = Release|Win32
		{290DB288-841E-4EFC-BB35-F1453C90FC95}.Release|x86.Build.0 = Release|Win32
		{BBB86263-E682-4219-8FF4-3FABAC1F651F}.Debug|Any CPU.ActiveCfg = Debug|x64
		{BBB86263-E682-4219-8FF4-3FABAC1F651F}.Debug|x64.ActiveCfg = Debug|x64
		{BBB86263-E682-4219-8FF4-3FABAC1F651F}.Debug|x64.Build.0 = Debug|x64
		{BBB86263-E682-4219-8FF4-3FABAC1F651F}.Debug|x86.ActiveCfg = Debug|x64
		{BBB86263-E682-4219-8FF4-3FABAC1F651F}.OptimizedDebug|Any CPU.ActiveCfg = OptimizedDebug|x64
		{BBB86263-E682-4219-8FF4-3FABAC1F651F}.OptimizedDebug|x64.ActiveCfg = OptimizedDebug|x64
		{BBB86263-E682-4219-8FF4-3FABAC1F651F}.OptimizedDebug|x64.Build.0 = OptimizedDebug|x64
		{BBB86263-E682-4219-8FF4-3FABAC1F651F}.OptimizedDebug|x86.ActiveCfg = OptimizedDebug|x64
		{BBB86263-E682-4219-8FF4-3FABAC1F651F}.Production|Any CPU.ActiveCfg = Release|x64
		{BBB86263-E682-4219-8FF4-3FABAC1F651F}.Production|Any CPU.Build.0 = Release|x64
		{BBB86263-E682-4219-8FF4-3FABAC1F651F}.Production|x64.ActiveCfg = Release|x64
		{BBB86263-E682-4219-8FF4-3FABAC1F651F}.Production|x64.Build.0 = Release|x64
		{BBB86263-E682-4219-8FF4-3FABAC1F651F}.Production|x86.ActiveCfg = Release|x64
		{BBB86263-E682-4219-8FF4-3FABAC1F651F}.Production|x86.Build.0 = Release|x64
		{BBB86263-E682-4219-8FF4-3FABAC1F651F}.Release|Any CPU.ActiveCfg = Release|x64
		{BBB86263-E682-4219-8FF4-3FABAC1F651F}.Release|x64.ActiveCfg = Release|x64
		{BBB86263-E682-4219-8FF4-3FABAC1F651F}.Release|x64.Build.0 = Release|x64
		{BBB86263-E682-4219-8FF4-3FABAC1F651F}.Release|x86.ActiveCfg = Release|x64
		{99B14E0F-DA50-4478-9B83-FB611B88CE8A}.Debug|Any CPU.ActiveCfg = Debug|x64
		{99B14E0F-DA50-4478-9B83-FB611B88CE8A}.Debug|x64.ActiveCfg = Debug|x64
		{99B14E0F-DA50-4478-9B83-FB611B88CE8A}.Debug|x64.Build.0 = Debug|x64
		{99B14E0F-DA50-4478-9B83-FB611B88CE8A}.Debug|x86.ActiveCfg = Debug|x64
		{99B14E0F-DA50-4478-9B83-FB611B88CE8A}.Debug|x86.Build.0 = Debug|x64
		{99B14E0F-DA50-4478-9B83-FB611B88CE8A}.OptimizedDebug|Any CPU.ActiveCfg = OptimizedDebug|x64
		{99B14E0F-DA50-4478-9B83-FB611B88CE8A}.OptimizedDebug|x64.ActiveCfg = OptimizedDebug|x64
		{99B14E0F-DA50-4478-9B83-FB611B88CE8A}.OptimizedDebug|x64.Build.0 = OptimizedDebug|x64
		{99B14E0F-DA50-4478-9B83-FB611B88CE8A}.OptimizedDebug|x86.ActiveCfg = OptimizedDebug|x64
		{99B14E0F-DA50-4478-9B83-FB611B88CE8A}.Production|Any CPU.ActiveCfg = Release|x64
		{99B14E0F-DA50-4478-9B83-FB611B88CE8A}.Production|Any CPU.Build.0 = Release|x64
		{99B14E0F-DA50-4478-9B83-FB611B88CE8A}.Production|x64.ActiveCfg = Release|x64
		{99B14E0F-DA50-4478-9B83-FB611B88CE8A}.Production|x64.Build.0 = Release|x64
		{99B14E0F-DA50-4478-9B83-FB611B88CE8A}.Production|x86.ActiveCfg = Release|x64
		{99B14E0F-DA50-4478-9B83-FB611B88CE8A}.Production|x86.Build.0 = Release|x64
		{99B14E0F-DA50-4478-9B83-FB611B88CE8A}.Release|Any CPU.ActiveCfg = Release|x64
		{99B14E0F-DA50-4478-9B83-FB611B88CE8A}.Release|x64.ActiveCfg = Release|x64
		{99B14E0F-DA50-4478-9B83-FB611B88CE8A}.Release|x64.Build.0 = Release|x64
		{99B14E0F-DA50-4478-9B83-FB611B88CE8A}.Release|x86.ActiveCfg = Release|x64
		{9933887F-700C-4176-A185-10FEFF66DC5C}.Debug|Any CPU.ActiveCfg = Debug|x64
		{9933887F-700C-4176-A185-10FEFF66DC5C}.Debug|x64.ActiveCfg = Debug|x64
		{9933887F-700C-4176-A185-10FEFF66DC5C}.Debug|x64.Build.0 = Debug|x64
		{9933887F-700C-4176-A185-10FEFF66DC5C}.Debug|x86.ActiveCfg = Debug|x64
		{9933887F-700C-4176-A185-10FEFF66DC5C}.OptimizedDebug|Any CPU.ActiveCfg = OptimizedDebug|x64
		{9933887F-700C-4176-A185-10FEFF66DC5C}.OptimizedDebug|x64.ActiveCfg = OptimizedDebug|x64
		{9933887F-700C-4176-A185-10FEFF66DC5C}.OptimizedDebug|x64.Build.0 = OptimizedDebug|x64
		{9933887F-700C-4176-A185-10FEFF66DC5C}.OptimizedDebug|x86.ActiveCfg = OptimizedDebug|x64
		{9933887F-700C-4176-A185-10FEFF66DC5C}.Production|Any CPU.ActiveCfg = Production|x64
		{9933887F-700C-4176-A185-10FEFF66DC5C}.Production|Any CPU.Build.0 = Production|x64
		{9933887F-700C-4176-A185-10FEFF66DC5C}.Production|x64.ActiveCfg = Production|x64
		{9933887F-700C-4176-A185-10FEFF66DC5C}.Production|x64.Build.0 = Production|x64
		{9933887F-700C-4176-A185-10FEFF66DC5C}.Production|x86.ActiveCfg = Release|x64
		{9933887F-700C-4176-A185-10FEFF66DC5C}.Production|x86.Build.0 = Release|x64
		{9933887F-700C-4176-A185-10FEFF66DC5C}.Release|Any CPU.ActiveCfg = Release|x64
		{9933887F-700C-4176-A185-10FEFF66DC5C}.Release|x64.ActiveCfg = Release|x64
		{9933887F-700C-4176-A185-10FEFF66DC5C}.Release|x64.Build.0 = Release|x64
		{9933887F-700C-4176-A185-10FEFF66DC5C}.Release|x86.ActiveCfg = Release|x64
		{9933887F-700C-4176-A185-10FEFF66DC5C}.Release|x86.Build.0 = Release|x64
		{7121518C-E7B8-4FCE-9A95-540D23949660}.Debug|Any CPU.ActiveCfg = Debug|x64
		{7121518C-E7B8-4FCE-9A95-540D23949660}.Debug|x64.ActiveCfg = Debug|x64
		{7121518C-E7B8-4FCE-9A95-540D23949660}.Debug|x64.Build.0 = Debug|x64
		{7121518C-E7B8-4FCE-9A95-540D23949660}.Debug|x86.ActiveCfg = Debug|x64
		{7121518C-E7B8-4FCE-9A95-540D23949660}.OptimizedDebug|Any CPU.ActiveCfg = Release|x64
		{7121518C-E7B8-4FCE-9A95-540D23949660}.OptimizedDebug|Any CPU.Build.0 = Release|x64
		{7121518C-E7B8-4FCE-9A95-540D23949660}.OptimizedDebug|x64.ActiveCfg = Debug|x64
		{7121518C-E7B8-4FCE-9A95-540D23949660}.OptimizedDebug|x64.Build.0 = Debug|x64
		{7121518C-E7B8-4FCE-9A95-540D23949660}.OptimizedDebug|x86.ActiveCfg = Release|x64
		{7121518C-E7B8-4FCE-9A95-540D23949660}.OptimizedDebug|x86.Build.0 = Release|x64
		{7121518C-E7B8-4FCE-9A95-540D23949660}.Production|Any CPU.ActiveCfg = Release|x64
		{7121518C-E7B8-4FCE-9A95-540D23949660}.Production|Any CPU.Build.0 = Release|x64
		{7121518C-E7B8-4FCE-9A95-540D23949660}.Production|x64.ActiveCfg = Release|x64
		{7121518C-E7B8-4FCE-9A95-540D23949660}.Production|x64.Build.0 = Release|x64
		{7121518C-E7B8-4FCE-9A95-540D23949660}.Production|x86.ActiveCfg = Release|x64
		{7121518C-E7B8-4FCE-9A95-540D23949660}.Production|x86.Build.0 = Release|x64
		{7121518C-E7B8-4FCE-9A95-540D23949660}.Release|Any CPU.ActiveCfg = Release|x64
		{7121518C-E7B8-4FCE-9A95-540D23949660}.Release|x64.ActiveCfg = Release|x64
		{7121518C-E7B8-4FCE-9A95-540D23949660}.Release|x64.Build.0 = Release|x64
		{7121518C-E7B8-4FCE-9A95-540D23949660}.Release|x86.ActiveCfg = Release|x64
		{FB8EFDCD-A4E4-4F0E-A38F-1C2F6181AE8F}.Debug|Any CPU.ActiveCfg = Debug|Win32
		{FB8EFDCD-A4E4-4F0E-A38F-1C2F6181AE8F}.Debug|x64.ActiveCfg = Debug|x64
		{FB8EFDCD-A4E4-4F0E-A38F-1C2F6181AE8F}.Debug|x64.Build.0 = Debug|x64
		{FB8EFDCD-A4E4-4F0E-A38F-1C2F6181AE8F}.Debug|x86.ActiveCfg = Debug|Win32
		{FB8EFDCD-A4E4-4F0E-A38F-1C2F6181AE8F}.Debug|x86.Build.0 = Debug|Win32
		{FB8EFDCD-A4E4-4F0E-A38F-1C2F6181AE8F}.OptimizedDebug|Any CPU.ActiveCfg = Release|x64
		{FB8EFDCD-A4E4-4F0E-A38F-1C2F6181AE8F}.OptimizedDebug|Any CPU.Build.0 = Release|x64
		{FB8EFDCD-A4E4-4F0E-A38F-1C2F6181AE8F}.OptimizedDebug|x64.ActiveCfg = Debug|x64
		{FB8EFDCD-A4E4-4F0E-A38F-1C2F6181AE8F}.OptimizedDebug|x64.Build.0 = Debug|x64
		{FB8EFDCD-A4E4-4F0E-A38F-1C2F6181AE8F}.OptimizedDebug|x86.ActiveCfg = Debug|Win32
		{FB8EFDCD-A4E4-4F0E-A38F-1C2F6181AE8F}.OptimizedDebug|x86.Build.0 = Debug|Win32
		{FB8EFDCD-A4E4-4F0E-A38F-1C2F6181AE8F}.Production|Any CPU.ActiveCfg = Release|x64
		{FB8EFDCD-A4E4-4F0E-A38F-1C2F6181AE8F}.Production|Any CPU.Build.0 = Release|x64
		{FB8EFDCD-A4E4-4F0E-A38F-1C2F6181AE8F}.Production|x64.ActiveCfg = Release|x64
		{FB8EFDCD-A4E4-4F0E-A38F-1C2F6181AE8F}.Production|x64.Build.0 = Release|x64
		{FB8EFDCD-A4E4-4F0E-A38F-1C2F6181AE8F}.Production|x86.ActiveCfg = Release|Win32
		{FB8EFDCD-A4E4-4F0E-A38F-1C2F6181AE8F}.Production|x86.Build.0 = Release|Win32
		{FB8EFDCD-A4E4-4F0E-A38F-1C2F6181AE8F}.Release|Any CPU.ActiveCfg = Release|Win32
		{FB8EFDCD-A4E4-4F0E-A38F-1C2F6181AE8F}.Release|x64.ActiveCfg = Release|x64
		{FB8EFDCD-A4E4-4F0E-A38F-1C2F6181AE8F}.Release|x64.Build.0 = Release|x64
		{FB8EFDCD-A4E4-4F0E-A38F-1C2F6181AE8F}.Release|x86.ActiveCfg = Release|Win32
		{FB8EFDCD-A4E4-4F0E-A38F-1C2F6181AE8F}.Release|x86.Build.0 = Release|Win32
		{C112A295-50D5-4DDC-8748-E01A33B601D0}.Debug|Any CPU.ActiveCfg = Debug|x64
		{C112A295-50D5-4DDC-8748-E01A33B601D0}.Debug|x64.ActiveCfg = Debug|x64
		{C112A295-50D5-4DDC-8748-E01A33B601D0}.Debug|x64.Build.0 = Debug|x64
		{C112A295-50D5-4DDC-8748-E01A33B601D0}.Debug|x86.ActiveCfg = Debug|x64
		{C112A295-50D5-4DDC-8748-E01A33B601D0}.OptimizedDebug|Any CPU.ActiveCfg = Release|x64
		{C112A295-50D5-4DDC-8748-E01A33B601D0}.OptimizedDebug|Any CPU.Build.0 = Release|x64
		{C112A295-50D5-4DDC-8748-E01A33B601D0}.OptimizedDebug|x64.ActiveCfg = Release|x64
		{C112A295-50D5-4DDC-8748-E01A33B601D0}.OptimizedDebug|x64.Build.0 = Release|x64
		{C112A295-50D5-4DDC-8748-E01A33B601D0}.OptimizedDebug|x86.ActiveCfg = Release|x64
		{C112A295-50D5-4DDC-8748-E01A33B601D0}.OptimizedDebug|x86.Build.0 = Release|x64
		{C112A295-50D5-4DDC-8748-E01A33B601D0}.Production|Any CPU.ActiveCfg = Release|x64
		{C112A295-50D5-4DDC-8748-E01A33B601D0}.Production|Any CPU.Build.0 = Release|x64
		{C112A295-50D5-4DDC-8748-E01A33B601D0}.Production|x64.ActiveCfg = Release|x64
		{C112A295-50D5-4DDC-8748-E01A33B601D0}.Production|x64.Build.0 = Release|x64
		{C112A295-50D5-4DDC-8748-E01A33B601D0}.Production|x86.ActiveCfg = Release|x64
		{C112A295-50D5-4DDC-8748-E01A33B601D0}.Production|x86.Build.0 = Release|x64
		{C112A295-50D5-4DDC-8748-E01A33B601D0}.Release|Any CPU.ActiveCfg = Release|x64
		{C112A295-50D5-4DDC-8748-E01A33B601D0}.Release|x64.ActiveCfg = Release|x64
		{C112A295-50D5-4DDC-8748-E01A33B601D0}.Release|x64.Build.0 = Release|x64
		{C112A295-50D5-4DDC-8748-E01A33B601D0}.Release|x86.ActiveCfg = Release|x64
		{C112A295-50D5-4DDC-8748-E01A33B601D0}.Release|x86.Build.0 = Release|x64
		{0C53DF4E-115D-4A52-AA17-55C7F46E27E2}.Debug|Any CPU.ActiveCfg = Debug|x64
		{0C53DF4E-115D-4A52-AA17-55C7F46E27E2}.Debug|x64.ActiveCfg = Debug|x64
		{0C53DF4E-115D-4A52-AA17-55C7F46E27E2}.Debug|x64.Build.0 = Debug|x64
		{0C53DF4E-115D-4A52-AA17-55C7F46E27E2}.Debug|x86.ActiveCfg = Debug|x64
		{0C53DF4E-115D-4A52-AA17-55C7F46E27E2}.OptimizedDebug|Any CPU.ActiveCfg = Release|x64
		{0C53DF4E-115D-4A52-AA17-55C7F46E27E2}.OptimizedDebug|Any CPU.Build.0 = Release|x64
		{0C53DF4E-115D-4A52-AA17-55C7F46E27E2}.OptimizedDebug|x64.ActiveCfg = Debug|x64
		{0C53DF4E-115D-4A52-AA17-55C7F46E27E2}.OptimizedDebug|x64.Build.0 = Debug|x64
		{0C53DF4E-115D-4A52-AA17-55C7F46E27E2}.OptimizedDebug|x86.ActiveCfg = Release|x64
		{0C53DF4E-115D-4A52-AA17-55C7F46E27E2}.OptimizedDebug|x86.Build.0 = Release|x64
		{0C53DF4E-115D-4A52-AA17-55C7F46E27E2}.Production|Any CPU.ActiveCfg = Release|x64
		{0C53DF4E-115D-4A52-AA17-55C7F46E27E2}.Production|Any CPU.Build.0 = Release|x64
		{0C53DF4E-115D-4A52-AA17-55C7F46E27E2}.Production|x64.ActiveCfg = Release|x64
		{0C53DF4E-115D-4A52-AA17-55C7F46E27E2}.Production|x64.Build.0 = Release|x64
		{0C53DF4E-115D-4A52-AA17-55C7F46E27E2}.Production|x86.ActiveCfg = Release|x64
		{0C53DF4E-115D-4A52-AA17-55C7F46E27E2}.Production|x86.Build.0 = Release|x64
		{0C53DF4E-115D-4A52-AA17-55C7F46E27E2}.Release|Any CPU.ActiveCfg = Release|x64
		{0C53DF4E-115D-4A52-AA17-55C7F46E27E2}.Release|x64.ActiveCfg = Release|x64
		{0C53DF4E-115D-4A52-AA17-55C7F46E27E2}.Release|x64.Build.0 = Release|x64
		{0C53DF4E-115D-4A52-AA17-55C7F46E27E2}.Release|x86.ActiveCfg = Release|x64
		{9A59491F-BB85-4EAC-9719-20D9CDD011AB}.Debug|Any CPU.ActiveCfg = Debug|x64
		{9A59491F-BB85-4EAC-9719-20D9CDD011AB}.Debug|x64.ActiveCfg = Debug|x64
		{9A59491F-BB85-4EAC-9719-20D9CDD011AB}.Debug|x64.Build.0 = Debug|x64
		{9A59491F-BB85-4EAC-9719-20D9CDD011AB}.Debug|x86.ActiveCfg = Debug|x64
		{9A59491F-BB85-4EAC-9719-20D9CDD011AB}.OptimizedDebug|Any CPU.ActiveCfg = Release|x64
		{9A59491F-BB85-4EAC-9719-20D9CDD011AB}.OptimizedDebug|Any CPU.Build.0 = Release|x64
		{9A59491F-BB85-4EAC-9719-20D9CDD011AB}.OptimizedDebug|x64.ActiveCfg = Debug|x64
		{9A59491F-BB85-4EAC-9719-20D9CDD011AB}.OptimizedDebug|x64.Build.0 = Debug|x64
		{9A59491F-BB85-4EAC-9719-20D9CDD011AB}.OptimizedDebug|x86.ActiveCfg = Release|x64
		{9A59491F-BB85-4EAC-9719-20D9CDD011AB}.OptimizedDebug|x86.Build.0 = Release|x64
		{9A59491F-BB85-4EAC-9719-20D9CDD011AB}.Production|Any CPU.ActiveCfg = Release|x64
		{9A59491F-BB85-4EAC-9719-20D9CDD011AB}.Production|Any CPU.Build.0 = Release|x64
		{9A59491F-BB85-4EAC-9719-20D9CDD011AB}.Production|x64.ActiveCfg = Release|x64
		{9A59491F-BB85-4EAC-9719-20D9CDD011AB}.Production|x64.Build.0 = Release|x64
		{9A59491F-BB85-4EAC-9719-20D9CDD011AB}.Production|x86.ActiveCfg = Release|x64
		{9A59491F-BB85-4EAC-9719-20D9CDD011AB}.Production|x86.Build.0 = Release|x64
		{9A59491F-BB85-4EAC-9719-20D9CDD011AB}.Release|Any CPU.ActiveCfg = Release|x64
		{9A59491F-BB85-4EAC-9719-20D9CDD011AB}.Release|x64.ActiveCfg = Release|x64
		{9A59491F-BB85-4EAC-9719-20D9CDD011AB}.Release|x64.Build.0 = Release|x64
		{9A59491F-BB85-4EAC-9719-20D9CDD011AB}.Release|x86.ActiveCfg = Release|x64
	EndGlobalSection
	GlobalSection(SolutionProperties) = preSolution
		HideSolutionNode = FALSE
	EndGlobalSection
	GlobalSection(ExtensibilityGlobals) = postSolution
		SolutionGuid = {81E9ACA1-2025-4942-A05A-3183B69E433D}
	EndGlobalSection
	GlobalSection(Performance) = preSolution
		HasPerformanceSessions = true
	EndGlobalSection
	GlobalSection(Performance) = preSolution
		HasPerformanceSessions = true
	EndGlobalSection
	GlobalSection(Performance) = preSolution
		HasPerformanceSessions = true
	EndGlobalSection
EndGlobal
