
Microsoft Visual Studio Solution File, Format Version 12.00
# Visual Studio Version 16
VisualStudioVersion = 16.0.29306.81
MinimumVisualStudioVersion = 10.0.40219.1
Project("{8BC9CEB8-8B4A-11D0-8D11-00A0C91BC942}") = "TauEditor", "tau\TauEditor\TauEditor.vcxproj", "{88B313A3-ED52-4C3B-8760-436745857340}"
	ProjectSection(ProjectDependencies) = postProject
		{EED20631-564B-4DE7-A980-5BADC0533DC1} = {EED20631-564B-4DE7-A980-5BADC0533DC1}
		{9933887F-700C-4176-A185-10FEFF66DC5C} = {9933887F-700C-4176-A185-10FEFF66DC5C}
		{F6A7C1B6-572B-446F-84CB-3771C747534D} = {F6A7C1B6-572B-446F-84CB-3771C747534D}
		{26293AE2-B33C-45FF-8D0D-F2B82B8F4C60} = {26293AE2-B33C-45FF-8D0D-F2B82B8F4C60}
	EndProjectSection
EndProject
Project("{8BC9CEB8-8B4A-11D0-8D11-00A0C91BC942}") = "TauEngine", "tau\TauEngine\TauEngine.vcxproj", "{F6A7C1B6-572B-446F-84CB-3771C747534D}"
	ProjectSection(ProjectDependencies) = postProject
		{EED20631-564B-4DE7-A980-5BADC0533DC1} = {EED20631-564B-4DE7-A980-5BADC0533DC1}
		{9933887F-700C-4176-A185-10FEFF66DC5C} = {9933887F-700C-4176-A185-10FEFF66DC5C}
		{26293AE2-B33C-45FF-8D0D-F2B82B8F4C60} = {26293AE2-B33C-45FF-8D0D-F2B82B8F4C60}
	EndProjectSection
EndProject
Project("{8BC9CEB8-8B4A-11D0-8D11-00A0C91BC942}") = "TauUtils", "tau\TauUtils\TauUtils.vcxproj", "{26293AE2-B33C-45FF-8D0D-F2B82B8F4C60}"
EndProject
Project("{8BC9CEB8-8B4A-11D0-8D11-00A0C91BC942}") = "GLEW", "libs\GLEW\GLEW.vcxproj", "{BC4D328B-A0E6-4CD9-9100-3D0457D28531}"
EndProject
Project("{FAE04EC0-301F-11D3-BF4B-00C04F79EFBC}") = "I18nEditor", "utils\I18nEditor\I18nEditor.csproj", "{309B72BB-8CB1-4724-B19D-AD536997F215}"
EndProject
Project("{8BC9CEB8-8B4A-11D0-8D11-00A0C91BC942}") = "SPDLog", "libs\SPDLog\SPDLog.vcxproj", "{EED20631-564B-4DE7-A980-5BADC0533DC1}"
EndProject
Project("{8BC9CEB8-8B4A-11D0-8D11-00A0C91BC942}") = "CPPTestings", "test\CPPTestings\CPPTestings.vcxproj", "{290DB288-841E-4EFC-BB35-F1453C90FC95}"
EndProject
Project("{9A19103F-16F7-4668-BE54-9A1E7A4F7556}") = "BinaryGL", "utils\BinaryGL\BinaryGL.csproj", "{EFEFC780-E55E-4D58-A309-49298A4485F5}"
EndProject
Project("{8BC9CEB8-8B4A-11D0-8D11-00A0C91BC942}") = "TauLauncher", "tau\TauLauncher\TauLauncher.vcxproj", "{22913B9F-5013-49F4-95C3-FF561040149D}"
	ProjectSection(ProjectDependencies) = postProject
		{9933887F-700C-4176-A185-10FEFF66DC5C} = {9933887F-700C-4176-A185-10FEFF66DC5C}
		{88B313A3-ED52-4C3B-8760-436745857340} = {88B313A3-ED52-4C3B-8760-436745857340}
		{F6A7C1B6-572B-446F-84CB-3771C747534D} = {F6A7C1B6-572B-446F-84CB-3771C747534D}
		{26293AE2-B33C-45FF-8D0D-F2B82B8F4C60} = {26293AE2-B33C-45FF-8D0D-F2B82B8F4C60}
	EndProjectSection
EndProject
Project("{8BC9CEB8-8B4A-11D0-8D11-00A0C91BC942}") = "ImageUtils", "utils\ImageUtils\ImageUtils.vcxproj", "{BBB86263-E682-4219-8FF4-3FABAC1F651F}"
	ProjectSection(ProjectDependencies) = postProject
		{26293AE2-B33C-45FF-8D0D-F2B82B8F4C60} = {26293AE2-B33C-45FF-8D0D-F2B82B8F4C60}
	EndProjectSection
EndProject
Project("{FAE04EC0-301F-11D3-BF4B-00C04F79EFBC}") = "NodeGraph", "utils\NodeGraph\NodeGraph.csproj", "{C7EB6518-510F-4A84-9B3E-4F7A480B0849}"
EndProject
Project("{8BC9CEB8-8B4A-11D0-8D11-00A0C91BC942}") = "NodeGraphCPP", "utils\NodeGraphCPP\NodeGraphCPP.vcxproj", "{D433C78A-3DD1-4B37-8EE6-2F0FE5D13F55}"
EndProject
Project("{8BC9CEB8-8B4A-11D0-8D11-00A0C91BC942}") = "ThreadTest", "test\ThreadTest\ThreadTest.vcxproj", "{0A820D2E-88B8-4538-983D-53E0160312F6}"
EndProject
Project("{FAE04EC0-301F-11D3-BF4B-00C04F79EFBC}") = "HTTPTest", "test\HTTPTest\HTTPTest.csproj", "{A20998A3-65CD-4B1C-9940-5C116061DC0B}"
EndProject
Project("{8BC9CEB8-8B4A-11D0-8D11-00A0C91BC942}") = "LZMA", "libs\LZMA\LZMA.vcxproj", "{99B14E0F-DA50-4478-9B83-FB611B88CE8A}"
EndProject
Project("{8BC9CEB8-8B4A-11D0-8D11-00A0C91BC942}") = "ResourceLib", "utils\ResourceLib\ResourceLib.vcxproj", "{9933887F-700C-4176-A185-10FEFF66DC5C}"
	ProjectSection(ProjectDependencies) = postProject
		{99B14E0F-DA50-4478-9B83-FB611B88CE8A} = {99B14E0F-DA50-4478-9B83-FB611B88CE8A}
		{EED20631-564B-4DE7-A980-5BADC0533DC1} = {EED20631-564B-4DE7-A980-5BADC0533DC1}
		{26293AE2-B33C-45FF-8D0D-F2B82B8F4C60} = {26293AE2-B33C-45FF-8D0D-F2B82B8F4C60}
	EndProjectSection
EndProject
Project("{911E67C6-3D85-4FCE-B560-20A9C3E3FF48}") = "lld-link", "..\ProgramFiles\x86\MSVisualStudio\2019\Community\VC\Tools\Llvm\bin\lld-link.exe", "{BE529D3A-2B60-4E2D-A9F7-08F93874E70B}"
	ProjectSection(DebuggerProjectSystem) = preProject
		PortSupplier = 00000000-0000-0000-0000-000000000000
		Executable = E:\LLVM_build\llvm-project\build\Release\bin\lld-link.exe
		RemoteMachine = DESKTOP-T01C296
		StartingDirectory = E:\TauEngine\obj\Release-x64\TauEditor
		Arguments = /OUT:"E:\TauEngine\obj\Release-x64\TauEditor\TauEditor.exe" /INCREMENTAL:NO /LIBPATH:"E:\TauEngine\bin\Release-x64\\" /LIBPATH:"E:\TauEngine\libs\freetype-2.10.0\objs\x64\Release Static\\" /LIBPATH:E:\ProgramFiles\x86\MSVisualStudio\2019\Community\VC\Tools\MSVC\14.23.28105\lib\x64 /LIBPATH:E:\ProgramFiles\x86\MSVisualStudio\2019\Community\VC\Tools\MSVC\14.23.28105\atlmfc\lib\x64 /LIBPATH:E:\ProgramFiles\x86\MSVisualStudio\2019\Community\VC\Auxiliary\VS\lib\x64 /LIBPATH:"C:\Program Files (x86)\Windows Kits\10\lib\10.0.18362.0\ucrt\x64" /LIBPATH:"C:\Program Files (x86)\Windows Kits\10\lib\10.0.18362.0\um\x64" /LIBPATH:"C:\Program Files (x86)\Windows Kits\NETFXSDK\4.7.2\lib\um\x64" /LIBPATH:"C:\Program Files (x86)\Windows Kits\NETFXSDK\4.7.2\Lib\um\x64" TauEngine.lib opengl32.lib GLEW.lib FreeImage.lib freetype.lib ResourceLib.lib kernel32.lib user32.lib gdi32.lib winspool.lib comdlg32.lib advapi32.lib shell32.lib ole32.lib oleaut32.lib uuid.lib odbc32.lib odbccp32.lib /MANIFEST /MANIFESTUAC:"level='asInvoker' uiAccess='false'" /manifest:embed /DEBUG:FULL /PDB:"E:\TauEngine\bin\Release-x64\TauEditor.pdb" /SUBSYSTEM:CONSOLE /LARGEADDRESSAWARE /OPT:REF /OPT:ICF /DYNAMICBASE /FIXED:NO /NXCOMPAT /IMPLIB:"E:\TauEngine\bin\Release-x64\TauEditor.lib" /MACHINE:X64 /SAFESEH:NO /guard:cf "E:\TauEngine\obj\Release-x64\TauEditor\EditorApplication.obj" "E:\TauEngine\obj\Release-x64\TauEditor\Main.obj" "E:\TauEngine\obj\Release-x64\TauEditor\TERenderer.obj"
		Environment = Default
		LaunchingEngine = 00000000-0000-0000-0000-000000000000
		UseLegacyDebugEngines = No
		LaunchSQLEngine = No
		AttachLaunchAction = No
	EndProjectSection
EndProject
Global
	GlobalSection(SolutionConfigurationPlatforms) = preSolution
		Debug|Any CPU = Debug|Any CPU
		Debug|x64 = Debug|x64
		Debug|x86 = Debug|x86
		Production|Any CPU = Production|Any CPU
		Production|x64 = Production|x64
		Production|x86 = Production|x86
		Release|Any CPU = Release|Any CPU
		Release|x64 = Release|x64
		Release|x86 = Release|x86
	EndGlobalSection
	GlobalSection(ProjectConfigurationPlatforms) = postSolution
		{88B313A3-ED52-4C3B-8760-436745857340}.Debug|Any CPU.ActiveCfg = Debug|x64
		{88B313A3-ED52-4C3B-8760-436745857340}.Debug|x64.ActiveCfg = Debug|x64
		{88B313A3-ED52-4C3B-8760-436745857340}.Debug|x64.Build.0 = Debug|x64
		{88B313A3-ED52-4C3B-8760-436745857340}.Debug|x86.ActiveCfg = Production|x64
		{88B313A3-ED52-4C3B-8760-436745857340}.Debug|x86.Build.0 = Production|x64
		{88B313A3-ED52-4C3B-8760-436745857340}.Production|Any CPU.ActiveCfg = Production|x64
		{88B313A3-ED52-4C3B-8760-436745857340}.Production|x64.ActiveCfg = Production|x64
		{88B313A3-ED52-4C3B-8760-436745857340}.Production|x86.ActiveCfg = Production|x64
		{88B313A3-ED52-4C3B-8760-436745857340}.Release|Any CPU.ActiveCfg = Release|x64
		{88B313A3-ED52-4C3B-8760-436745857340}.Release|x64.ActiveCfg = Release|x64
		{88B313A3-ED52-4C3B-8760-436745857340}.Release|x64.Build.0 = Release|x64
		{88B313A3-ED52-4C3B-8760-436745857340}.Release|x86.ActiveCfg = Release|x64
		{F6A7C1B6-572B-446F-84CB-3771C747534D}.Debug|Any CPU.ActiveCfg = Debug|x64
		{F6A7C1B6-572B-446F-84CB-3771C747534D}.Debug|x64.ActiveCfg = Debug|x64
		{F6A7C1B6-572B-446F-84CB-3771C747534D}.Debug|x64.Build.0 = Debug|x64
		{F6A7C1B6-572B-446F-84CB-3771C747534D}.Debug|x86.ActiveCfg = Debug|x64
		{F6A7C1B6-572B-446F-84CB-3771C747534D}.Production|Any CPU.ActiveCfg = Production|x64
		{F6A7C1B6-572B-446F-84CB-3771C747534D}.Production|x64.ActiveCfg = Production|x64
		{F6A7C1B6-572B-446F-84CB-3771C747534D}.Production|x86.ActiveCfg = Production|x64
		{F6A7C1B6-572B-446F-84CB-3771C747534D}.Release|Any CPU.ActiveCfg = Release|x64
		{F6A7C1B6-572B-446F-84CB-3771C747534D}.Release|x64.ActiveCfg = Release|x64
		{F6A7C1B6-572B-446F-84CB-3771C747534D}.Release|x64.Build.0 = Release|x64
		{F6A7C1B6-572B-446F-84CB-3771C747534D}.Release|x86.ActiveCfg = Release|x64
		{26293AE2-B33C-45FF-8D0D-F2B82B8F4C60}.Debug|Any CPU.ActiveCfg = Debug|Win32
		{26293AE2-B33C-45FF-8D0D-F2B82B8F4C60}.Debug|x64.ActiveCfg = Debug|x64
		{26293AE2-B33C-45FF-8D0D-F2B82B8F4C60}.Debug|x64.Build.0 = Debug|x64
		{26293AE2-B33C-45FF-8D0D-F2B82B8F4C60}.Debug|x86.ActiveCfg = Debug|Win32
		{26293AE2-B33C-45FF-8D0D-F2B82B8F4C60}.Debug|x86.Build.0 = Debug|Win32
		{26293AE2-B33C-45FF-8D0D-F2B82B8F4C60}.Production|Any CPU.ActiveCfg = Production|Win32
		{26293AE2-B33C-45FF-8D0D-F2B82B8F4C60}.Production|x64.ActiveCfg = Production|x64
		{26293AE2-B33C-45FF-8D0D-F2B82B8F4C60}.Production|x86.ActiveCfg = Production|Win32
		{26293AE2-B33C-45FF-8D0D-F2B82B8F4C60}.Production|x86.Build.0 = Production|Win32
		{26293AE2-B33C-45FF-8D0D-F2B82B8F4C60}.Release|Any CPU.ActiveCfg = Release|Win32
		{26293AE2-B33C-45FF-8D0D-F2B82B8F4C60}.Release|x64.ActiveCfg = Release|x64
		{26293AE2-B33C-45FF-8D0D-F2B82B8F4C60}.Release|x64.Build.0 = Release|x64
		{26293AE2-B33C-45FF-8D0D-F2B82B8F4C60}.Release|x86.ActiveCfg = Release|Win32
		{26293AE2-B33C-45FF-8D0D-F2B82B8F4C60}.Release|x86.Build.0 = Release|Win32
		{BC4D328B-A0E6-4CD9-9100-3D0457D28531}.Debug|Any CPU.ActiveCfg = Debug|Win32
		{BC4D328B-A0E6-4CD9-9100-3D0457D28531}.Debug|x64.ActiveCfg = Debug|x64
		{BC4D328B-A0E6-4CD9-9100-3D0457D28531}.Debug|x64.Build.0 = Debug|x64
		{BC4D328B-A0E6-4CD9-9100-3D0457D28531}.Debug|x86.ActiveCfg = Debug|Win32
		{BC4D328B-A0E6-4CD9-9100-3D0457D28531}.Debug|x86.Build.0 = Debug|Win32
		{BC4D328B-A0E6-4CD9-9100-3D0457D28531}.Production|Any CPU.ActiveCfg = Production|Win32
		{BC4D328B-A0E6-4CD9-9100-3D0457D28531}.Production|x64.ActiveCfg = Production|x64
		{BC4D328B-A0E6-4CD9-9100-3D0457D28531}.Production|x86.ActiveCfg = Production|Win32
		{BC4D328B-A0E6-4CD9-9100-3D0457D28531}.Production|x86.Build.0 = Production|Win32
		{BC4D328B-A0E6-4CD9-9100-3D0457D28531}.Release|Any CPU.ActiveCfg = Release|Win32
		{BC4D328B-A0E6-4CD9-9100-3D0457D28531}.Release|x64.ActiveCfg = Release|x64
		{BC4D328B-A0E6-4CD9-9100-3D0457D28531}.Release|x64.Build.0 = Release|x64
		{BC4D328B-A0E6-4CD9-9100-3D0457D28531}.Release|x86.ActiveCfg = Release|Win32
		{BC4D328B-A0E6-4CD9-9100-3D0457D28531}.Release|x86.Build.0 = Release|Win32
		{309B72BB-8CB1-4724-B19D-AD536997F215}.Debug|Any CPU.ActiveCfg = Debug|Any CPU
		{309B72BB-8CB1-4724-B19D-AD536997F215}.Debug|Any CPU.Build.0 = Debug|Any CPU
		{309B72BB-8CB1-4724-B19D-AD536997F215}.Debug|x64.ActiveCfg = Debug|Any CPU
		{309B72BB-8CB1-4724-B19D-AD536997F215}.Debug|x64.Build.0 = Debug|Any CPU
		{309B72BB-8CB1-4724-B19D-AD536997F215}.Debug|x86.ActiveCfg = Debug|Any CPU
		{309B72BB-8CB1-4724-B19D-AD536997F215}.Debug|x86.Build.0 = Debug|Any CPU
		{309B72BB-8CB1-4724-B19D-AD536997F215}.Production|Any CPU.ActiveCfg = Production|Any CPU
		{309B72BB-8CB1-4724-B19D-AD536997F215}.Production|Any CPU.Build.0 = Production|Any CPU
		{309B72BB-8CB1-4724-B19D-AD536997F215}.Production|x64.ActiveCfg = Production|Any CPU
		{309B72BB-8CB1-4724-B19D-AD536997F215}.Production|x64.Build.0 = Production|Any CPU
		{309B72BB-8CB1-4724-B19D-AD536997F215}.Production|x86.ActiveCfg = Production|Any CPU
		{309B72BB-8CB1-4724-B19D-AD536997F215}.Production|x86.Build.0 = Production|Any CPU
		{309B72BB-8CB1-4724-B19D-AD536997F215}.Release|Any CPU.ActiveCfg = Release|Any CPU
		{309B72BB-8CB1-4724-B19D-AD536997F215}.Release|Any CPU.Build.0 = Release|Any CPU
		{309B72BB-8CB1-4724-B19D-AD536997F215}.Release|x64.ActiveCfg = Release|Any CPU
		{309B72BB-8CB1-4724-B19D-AD536997F215}.Release|x64.Build.0 = Release|Any CPU
		{309B72BB-8CB1-4724-B19D-AD536997F215}.Release|x86.ActiveCfg = Release|Any CPU
		{309B72BB-8CB1-4724-B19D-AD536997F215}.Release|x86.Build.0 = Release|Any CPU
		{EED20631-564B-4DE7-A980-5BADC0533DC1}.Debug|Any CPU.ActiveCfg = Debug|Win32
		{EED20631-564B-4DE7-A980-5BADC0533DC1}.Debug|x64.ActiveCfg = Debug|x64
		{EED20631-564B-4DE7-A980-5BADC0533DC1}.Debug|x64.Build.0 = Debug|x64
		{EED20631-564B-4DE7-A980-5BADC0533DC1}.Debug|x86.ActiveCfg = Debug|Win32
		{EED20631-564B-4DE7-A980-5BADC0533DC1}.Debug|x86.Build.0 = Debug|Win32
		{EED20631-564B-4DE7-A980-5BADC0533DC1}.Production|Any CPU.ActiveCfg = Production|Win32
		{EED20631-564B-4DE7-A980-5BADC0533DC1}.Production|x64.ActiveCfg = Production|x64
		{EED20631-564B-4DE7-A980-5BADC0533DC1}.Production|x86.ActiveCfg = Production|Win32
		{EED20631-564B-4DE7-A980-5BADC0533DC1}.Production|x86.Build.0 = Production|Win32
		{EED20631-564B-4DE7-A980-5BADC0533DC1}.Release|Any CPU.ActiveCfg = Release|Win32
		{EED20631-564B-4DE7-A980-5BADC0533DC1}.Release|x64.ActiveCfg = Release|x64
		{EED20631-564B-4DE7-A980-5BADC0533DC1}.Release|x64.Build.0 = Release|x64
		{EED20631-564B-4DE7-A980-5BADC0533DC1}.Release|x86.ActiveCfg = Release|Win32
		{EED20631-564B-4DE7-A980-5BADC0533DC1}.Release|x86.Build.0 = Release|Win32
		{290DB288-841E-4EFC-BB35-F1453C90FC95}.Debug|Any CPU.ActiveCfg = Debug|Win32
		{290DB288-841E-4EFC-BB35-F1453C90FC95}.Debug|x64.ActiveCfg = Debug|x64
		{290DB288-841E-4EFC-BB35-F1453C90FC95}.Debug|x64.Build.0 = Debug|x64
		{290DB288-841E-4EFC-BB35-F1453C90FC95}.Debug|x86.ActiveCfg = Debug|Win32
		{290DB288-841E-4EFC-BB35-F1453C90FC95}.Debug|x86.Build.0 = Debug|Win32
		{290DB288-841E-4EFC-BB35-F1453C90FC95}.Production|Any CPU.ActiveCfg = Production|Win32
		{290DB288-841E-4EFC-BB35-F1453C90FC95}.Production|x64.ActiveCfg = Production|x64
		{290DB288-841E-4EFC-BB35-F1453C90FC95}.Production|x86.ActiveCfg = Production|Win32
		{290DB288-841E-4EFC-BB35-F1453C90FC95}.Production|x86.Build.0 = Production|Win32
		{290DB288-841E-4EFC-BB35-F1453C90FC95}.Release|Any CPU.ActiveCfg = Release|Win32
		{290DB288-841E-4EFC-BB35-F1453C90FC95}.Release|x64.ActiveCfg = Release|x64
		{290DB288-841E-4EFC-BB35-F1453C90FC95}.Release|x64.Build.0 = Release|x64
		{290DB288-841E-4EFC-BB35-F1453C90FC95}.Release|x86.ActiveCfg = Release|Win32
		{290DB288-841E-4EFC-BB35-F1453C90FC95}.Release|x86.Build.0 = Release|Win32
		{EFEFC780-E55E-4D58-A309-49298A4485F5}.Debug|Any CPU.ActiveCfg = Debug|Any CPU
		{EFEFC780-E55E-4D58-A309-49298A4485F5}.Debug|Any CPU.Build.0 = Debug|Any CPU
		{EFEFC780-E55E-4D58-A309-49298A4485F5}.Debug|x64.ActiveCfg = Debug|Any CPU
		{EFEFC780-E55E-4D58-A309-49298A4485F5}.Debug|x64.Build.0 = Debug|Any CPU
		{EFEFC780-E55E-4D58-A309-49298A4485F5}.Debug|x86.ActiveCfg = Debug|Any CPU
		{EFEFC780-E55E-4D58-A309-49298A4485F5}.Debug|x86.Build.0 = Debug|Any CPU
		{EFEFC780-E55E-4D58-A309-49298A4485F5}.Production|Any CPU.ActiveCfg = Production|Any CPU
		{EFEFC780-E55E-4D58-A309-49298A4485F5}.Production|Any CPU.Build.0 = Production|Any CPU
		{EFEFC780-E55E-4D58-A309-49298A4485F5}.Production|x64.ActiveCfg = Production|Any CPU
		{EFEFC780-E55E-4D58-A309-49298A4485F5}.Production|x64.Build.0 = Production|Any CPU
		{EFEFC780-E55E-4D58-A309-49298A4485F5}.Production|x86.ActiveCfg = Production|Any CPU
		{EFEFC780-E55E-4D58-A309-49298A4485F5}.Production|x86.Build.0 = Production|Any CPU
		{EFEFC780-E55E-4D58-A309-49298A4485F5}.Release|Any CPU.ActiveCfg = Release|Any CPU
		{EFEFC780-E55E-4D58-A309-49298A4485F5}.Release|Any CPU.Build.0 = Release|Any CPU
		{EFEFC780-E55E-4D58-A309-49298A4485F5}.Release|x64.ActiveCfg = Release|Any CPU
		{EFEFC780-E55E-4D58-A309-49298A4485F5}.Release|x64.Build.0 = Release|Any CPU
		{EFEFC780-E55E-4D58-A309-49298A4485F5}.Release|x86.ActiveCfg = Release|Any CPU
		{EFEFC780-E55E-4D58-A309-49298A4485F5}.Release|x86.Build.0 = Release|Any CPU
		{22913B9F-5013-49F4-95C3-FF561040149D}.Debug|Any CPU.ActiveCfg = Debug|x64
		{22913B9F-5013-49F4-95C3-FF561040149D}.Debug|x64.ActiveCfg = Debug|x64
		{22913B9F-5013-49F4-95C3-FF561040149D}.Debug|x64.Build.0 = Debug|x64
		{22913B9F-5013-49F4-95C3-FF561040149D}.Debug|x86.ActiveCfg = Debug|x64
		{22913B9F-5013-49F4-95C3-FF561040149D}.Debug|x86.Build.0 = Debug|x64
		{22913B9F-5013-49F4-95C3-FF561040149D}.Production|Any CPU.ActiveCfg = Production|x64
		{22913B9F-5013-49F4-95C3-FF561040149D}.Production|x64.ActiveCfg = Production|x64
		{22913B9F-5013-49F4-95C3-FF561040149D}.Production|x86.ActiveCfg = Production|x64
		{22913B9F-5013-49F4-95C3-FF561040149D}.Release|Any CPU.ActiveCfg = Release|x64
		{22913B9F-5013-49F4-95C3-FF561040149D}.Release|x64.ActiveCfg = Release|x64
		{22913B9F-5013-49F4-95C3-FF561040149D}.Release|x64.Build.0 = Release|x64
		{22913B9F-5013-49F4-95C3-FF561040149D}.Release|x86.ActiveCfg = Release|x64
		{BBB86263-E682-4219-8FF4-3FABAC1F651F}.Debug|Any CPU.ActiveCfg = Debug|x64
		{BBB86263-E682-4219-8FF4-3FABAC1F651F}.Debug|x64.ActiveCfg = Debug|x64
		{BBB86263-E682-4219-8FF4-3FABAC1F651F}.Debug|x64.Build.0 = Debug|x64
		{BBB86263-E682-4219-8FF4-3FABAC1F651F}.Debug|x86.ActiveCfg = Debug|x64
		{BBB86263-E682-4219-8FF4-3FABAC1F651F}.Production|Any CPU.ActiveCfg = Release|x64
		{BBB86263-E682-4219-8FF4-3FABAC1F651F}.Production|Any CPU.Build.0 = Release|x64
		{BBB86263-E682-4219-8FF4-3FABAC1F651F}.Production|x64.ActiveCfg = Release|x64
		{BBB86263-E682-4219-8FF4-3FABAC1F651F}.Production|x64.Build.0 = Release|x64
		{BBB86263-E682-4219-8FF4-3FABAC1F651F}.Production|x86.ActiveCfg = Release|x64
		{BBB86263-E682-4219-8FF4-3FABAC1F651F}.Production|x86.Build.0 = Release|x64
		{BBB86263-E682-4219-8FF4-3FABAC1F651F}.Release|Any CPU.ActiveCfg = Release|x64
		{BBB86263-E682-4219-8FF4-3FABAC1F651F}.Release|x64.ActiveCfg = Release|x64
		{BBB86263-E682-4219-8FF4-3FABAC1F651F}.Release|x64.Build.0 = Release|x64
		{BBB86263-E682-4219-8FF4-3FABAC1F651F}.Release|x86.ActiveCfg = Release|x64
		{C7EB6518-510F-4A84-9B3E-4F7A480B0849}.Debug|Any CPU.ActiveCfg = Debug|Any CPU
		{C7EB6518-510F-4A84-9B3E-4F7A480B0849}.Debug|Any CPU.Build.0 = Debug|Any CPU
		{C7EB6518-510F-4A84-9B3E-4F7A480B0849}.Debug|x64.ActiveCfg = Debug|Any CPU
		{C7EB6518-510F-4A84-9B3E-4F7A480B0849}.Debug|x64.Build.0 = Debug|Any CPU
		{C7EB6518-510F-4A84-9B3E-4F7A480B0849}.Debug|x86.ActiveCfg = Debug|Any CPU
		{C7EB6518-510F-4A84-9B3E-4F7A480B0849}.Debug|x86.Build.0 = Debug|Any CPU
		{C7EB6518-510F-4A84-9B3E-4F7A480B0849}.Production|Any CPU.ActiveCfg = Release|Any CPU
		{C7EB6518-510F-4A84-9B3E-4F7A480B0849}.Production|Any CPU.Build.0 = Release|Any CPU
		{C7EB6518-510F-4A84-9B3E-4F7A480B0849}.Production|x64.ActiveCfg = Release|Any CPU
		{C7EB6518-510F-4A84-9B3E-4F7A480B0849}.Production|x64.Build.0 = Release|Any CPU
		{C7EB6518-510F-4A84-9B3E-4F7A480B0849}.Production|x86.ActiveCfg = Release|Any CPU
		{C7EB6518-510F-4A84-9B3E-4F7A480B0849}.Production|x86.Build.0 = Release|Any CPU
		{C7EB6518-510F-4A84-9B3E-4F7A480B0849}.Release|Any CPU.ActiveCfg = Release|Any CPU
		{C7EB6518-510F-4A84-9B3E-4F7A480B0849}.Release|Any CPU.Build.0 = Release|Any CPU
		{C7EB6518-510F-4A84-9B3E-4F7A480B0849}.Release|x64.ActiveCfg = Release|Any CPU
		{C7EB6518-510F-4A84-9B3E-4F7A480B0849}.Release|x64.Build.0 = Release|Any CPU
		{C7EB6518-510F-4A84-9B3E-4F7A480B0849}.Release|x86.ActiveCfg = Release|Any CPU
		{C7EB6518-510F-4A84-9B3E-4F7A480B0849}.Release|x86.Build.0 = Release|Any CPU
		{D433C78A-3DD1-4B37-8EE6-2F0FE5D13F55}.Debug|Any CPU.ActiveCfg = Debug|Win32
		{D433C78A-3DD1-4B37-8EE6-2F0FE5D13F55}.Debug|x64.ActiveCfg = Debug|x64
		{D433C78A-3DD1-4B37-8EE6-2F0FE5D13F55}.Debug|x64.Build.0 = Debug|x64
		{D433C78A-3DD1-4B37-8EE6-2F0FE5D13F55}.Debug|x86.ActiveCfg = Debug|Win32
		{D433C78A-3DD1-4B37-8EE6-2F0FE5D13F55}.Debug|x86.Build.0 = Debug|Win32
		{D433C78A-3DD1-4B37-8EE6-2F0FE5D13F55}.Production|Any CPU.ActiveCfg = Release|x64
		{D433C78A-3DD1-4B37-8EE6-2F0FE5D13F55}.Production|Any CPU.Build.0 = Release|x64
		{D433C78A-3DD1-4B37-8EE6-2F0FE5D13F55}.Production|x64.ActiveCfg = Release|x64
		{D433C78A-3DD1-4B37-8EE6-2F0FE5D13F55}.Production|x64.Build.0 = Release|x64
		{D433C78A-3DD1-4B37-8EE6-2F0FE5D13F55}.Production|x86.ActiveCfg = Release|Win32
		{D433C78A-3DD1-4B37-8EE6-2F0FE5D13F55}.Production|x86.Build.0 = Release|Win32
		{D433C78A-3DD1-4B37-8EE6-2F0FE5D13F55}.Release|Any CPU.ActiveCfg = Release|Win32
		{D433C78A-3DD1-4B37-8EE6-2F0FE5D13F55}.Release|x64.ActiveCfg = Release|x64
		{D433C78A-3DD1-4B37-8EE6-2F0FE5D13F55}.Release|x64.Build.0 = Release|x64
		{D433C78A-3DD1-4B37-8EE6-2F0FE5D13F55}.Release|x86.ActiveCfg = Release|Win32
		{D433C78A-3DD1-4B37-8EE6-2F0FE5D13F55}.Release|x86.Build.0 = Release|Win32
		{0A820D2E-88B8-4538-983D-53E0160312F6}.Debug|Any CPU.ActiveCfg = Debug|Win32
		{0A820D2E-88B8-4538-983D-53E0160312F6}.Debug|x64.ActiveCfg = Debug|x64
		{0A820D2E-88B8-4538-983D-53E0160312F6}.Debug|x64.Build.0 = Debug|x64
		{0A820D2E-88B8-4538-983D-53E0160312F6}.Debug|x86.ActiveCfg = Debug|Win32
		{0A820D2E-88B8-4538-983D-53E0160312F6}.Debug|x86.Build.0 = Debug|Win32
		{0A820D2E-88B8-4538-983D-53E0160312F6}.Production|Any CPU.ActiveCfg = Release|x64
		{0A820D2E-88B8-4538-983D-53E0160312F6}.Production|Any CPU.Build.0 = Release|x64
		{0A820D2E-88B8-4538-983D-53E0160312F6}.Production|x64.ActiveCfg = Release|x64
		{0A820D2E-88B8-4538-983D-53E0160312F6}.Production|x64.Build.0 = Release|x64
		{0A820D2E-88B8-4538-983D-53E0160312F6}.Production|x86.ActiveCfg = Release|Win32
		{0A820D2E-88B8-4538-983D-53E0160312F6}.Production|x86.Build.0 = Release|Win32
		{0A820D2E-88B8-4538-983D-53E0160312F6}.Release|Any CPU.ActiveCfg = Release|Win32
		{0A820D2E-88B8-4538-983D-53E0160312F6}.Release|x64.ActiveCfg = Release|x64
		{0A820D2E-88B8-4538-983D-53E0160312F6}.Release|x64.Build.0 = Release|x64
		{0A820D2E-88B8-4538-983D-53E0160312F6}.Release|x86.ActiveCfg = Release|Win32
		{0A820D2E-88B8-4538-983D-53E0160312F6}.Release|x86.Build.0 = Release|Win32
		{A20998A3-65CD-4B1C-9940-5C116061DC0B}.Debug|Any CPU.ActiveCfg = Debug|Any CPU
		{A20998A3-65CD-4B1C-9940-5C116061DC0B}.Debug|Any CPU.Build.0 = Debug|Any CPU
		{A20998A3-65CD-4B1C-9940-5C116061DC0B}.Debug|x64.ActiveCfg = Debug|Any CPU
		{A20998A3-65CD-4B1C-9940-5C116061DC0B}.Debug|x64.Build.0 = Debug|Any CPU
		{A20998A3-65CD-4B1C-9940-5C116061DC0B}.Debug|x86.ActiveCfg = Debug|Any CPU
		{A20998A3-65CD-4B1C-9940-5C116061DC0B}.Debug|x86.Build.0 = Debug|Any CPU
		{A20998A3-65CD-4B1C-9940-5C116061DC0B}.Production|Any CPU.ActiveCfg = Release|Any CPU
		{A20998A3-65CD-4B1C-9940-5C116061DC0B}.Production|Any CPU.Build.0 = Release|Any CPU
		{A20998A3-65CD-4B1C-9940-5C116061DC0B}.Production|x64.ActiveCfg = Release|Any CPU
		{A20998A3-65CD-4B1C-9940-5C116061DC0B}.Production|x64.Build.0 = Release|Any CPU
		{A20998A3-65CD-4B1C-9940-5C116061DC0B}.Production|x86.ActiveCfg = Release|Any CPU
		{A20998A3-65CD-4B1C-9940-5C116061DC0B}.Production|x86.Build.0 = Release|Any CPU
		{A20998A3-65CD-4B1C-9940-5C116061DC0B}.Release|Any CPU.ActiveCfg = Release|Any CPU
		{A20998A3-65CD-4B1C-9940-5C116061DC0B}.Release|Any CPU.Build.0 = Release|Any CPU
		{A20998A3-65CD-4B1C-9940-5C116061DC0B}.Release|x64.ActiveCfg = Release|Any CPU
		{A20998A3-65CD-4B1C-9940-5C116061DC0B}.Release|x64.Build.0 = Release|Any CPU
		{A20998A3-65CD-4B1C-9940-5C116061DC0B}.Release|x86.ActiveCfg = Release|Any CPU
		{A20998A3-65CD-4B1C-9940-5C116061DC0B}.Release|x86.Build.0 = Release|Any CPU
		{99B14E0F-DA50-4478-9B83-FB611B88CE8A}.Debug|Any CPU.ActiveCfg = Debug|x64
		{99B14E0F-DA50-4478-9B83-FB611B88CE8A}.Debug|x64.ActiveCfg = Debug|x64
		{99B14E0F-DA50-4478-9B83-FB611B88CE8A}.Debug|x64.Build.0 = Debug|x64
		{99B14E0F-DA50-4478-9B83-FB611B88CE8A}.Debug|x86.ActiveCfg = Debug|x64
		{99B14E0F-DA50-4478-9B83-FB611B88CE8A}.Debug|x86.Build.0 = Debug|x64
		{99B14E0F-DA50-4478-9B83-FB611B88CE8A}.Production|Any CPU.ActiveCfg = Release|x64
		{99B14E0F-DA50-4478-9B83-FB611B88CE8A}.Production|Any CPU.Build.0 = Release|x64
		{99B14E0F-DA50-4478-9B83-FB611B88CE8A}.Production|x64.ActiveCfg = Release|x64
		{99B14E0F-DA50-4478-9B83-FB611B88CE8A}.Production|x64.Build.0 = Release|x64
		{99B14E0F-DA50-4478-9B83-FB611B88CE8A}.Production|x86.ActiveCfg = Release|x64
		{99B14E0F-DA50-4478-9B83-FB611B88CE8A}.Production|x86.Build.0 = Release|x64
		{99B14E0F-DA50-4478-9B83-FB611B88CE8A}.Release|Any CPU.ActiveCfg = Release|x64
		{99B14E0F-DA50-4478-9B83-FB611B88CE8A}.Release|x64.ActiveCfg = Release|x64
		{99B14E0F-DA50-4478-9B83-FB611B88CE8A}.Release|x64.Build.0 = Release|x64
		{99B14E0F-DA50-4478-9B83-FB611B88CE8A}.Release|x86.ActiveCfg = Release|x64
		{9933887F-700C-4176-A185-10FEFF66DC5C}.Debug|Any CPU.ActiveCfg = Debug|x64
		{9933887F-700C-4176-A185-10FEFF66DC5C}.Debug|x64.ActiveCfg = Debug|x64
		{9933887F-700C-4176-A185-10FEFF66DC5C}.Debug|x64.Build.0 = Debug|x64
		{9933887F-700C-4176-A185-10FEFF66DC5C}.Debug|x86.ActiveCfg = Debug|x64
		{9933887F-700C-4176-A185-10FEFF66DC5C}.Production|Any CPU.ActiveCfg = Release|x64
		{9933887F-700C-4176-A185-10FEFF66DC5C}.Production|Any CPU.Build.0 = Release|x64
		{9933887F-700C-4176-A185-10FEFF66DC5C}.Production|x64.ActiveCfg = Release|x64
		{9933887F-700C-4176-A185-10FEFF66DC5C}.Production|x64.Build.0 = Release|x64
		{9933887F-700C-4176-A185-10FEFF66DC5C}.Production|x86.ActiveCfg = Release|x64
		{9933887F-700C-4176-A185-10FEFF66DC5C}.Production|x86.Build.0 = Release|x64
		{9933887F-700C-4176-A185-10FEFF66DC5C}.Release|Any CPU.ActiveCfg = Release|x64
		{9933887F-700C-4176-A185-10FEFF66DC5C}.Release|x64.ActiveCfg = Release|x64
		{9933887F-700C-4176-A185-10FEFF66DC5C}.Release|x64.Build.0 = Release|x64
		{9933887F-700C-4176-A185-10FEFF66DC5C}.Release|x86.ActiveCfg = Release|x64
		{9933887F-700C-4176-A185-10FEFF66DC5C}.Release|x86.Build.0 = Release|x64
		{BE529D3A-2B60-4E2D-A9F7-08F93874E70B}.Debug|Any CPU.ActiveCfg = Release|x64
		{BE529D3A-2B60-4E2D-A9F7-08F93874E70B}.Debug|x64.ActiveCfg = Release|x64
		{BE529D3A-2B60-4E2D-A9F7-08F93874E70B}.Debug|x86.ActiveCfg = Release|x64
		{BE529D3A-2B60-4E2D-A9F7-08F93874E70B}.Production|Any CPU.ActiveCfg = Release|x64
		{BE529D3A-2B60-4E2D-A9F7-08F93874E70B}.Production|x64.ActiveCfg = Release|x64
		{BE529D3A-2B60-4E2D-A9F7-08F93874E70B}.Production|x86.ActiveCfg = Release|x64
		{BE529D3A-2B60-4E2D-A9F7-08F93874E70B}.Release|Any CPU.ActiveCfg = Release|x64
		{BE529D3A-2B60-4E2D-A9F7-08F93874E70B}.Release|x64.ActiveCfg = Release|x64
		{BE529D3A-2B60-4E2D-A9F7-08F93874E70B}.Release|x86.ActiveCfg = Release|x64
	EndGlobalSection
	GlobalSection(SolutionProperties) = preSolution
		HideSolutionNode = FALSE
	EndGlobalSection
	GlobalSection(ExtensibilityGlobals) = postSolution
		SolutionGuid = {81E9ACA1-2025-4942-A05A-3183B69E433D}
	EndGlobalSection
	GlobalSection(Performance) = preSolution
		HasPerformanceSessions = true
	EndGlobalSection
	GlobalSection(Performance) = preSolution
		HasPerformanceSessions = true
	EndGlobalSection
	GlobalSection(Performance) = preSolution
		HasPerformanceSessions = true
	EndGlobalSection
EndGlobal
