<?xml version="1.0" encoding="utf-8"?>
<Project ToolsVersion="4.0" xmlns="http://schemas.microsoft.com/developer/msbuild/2003">
  <ItemGroup>
    <Filter Include="Source Files">
      <UniqueIdentifier>{4FC737F1-C7A5-4376-A066-2A32D752A2FF}</UniqueIdentifier>
      <Extensions>cpp;c;cc;cxx;c++;cppm;ixx;def;odl;idl;hpj;bat;asm;asmx</Extensions>
    </Filter>
    <Filter Include="Header Files">
      <UniqueIdentifier>{93995380-89BD-4b04-88EB-625FBE52EBFB}</UniqueIdentifier>
      <Extensions>h;hh;hpp;hxx;h++;hm;inl;inc;ipp;xsd</Extensions>
    </Filter>
    <Filter Include="Resource Files">
      <UniqueIdentifier>{67DA6AB6-F800-4c08-8B7A-83BB121AAD01}</UniqueIdentifier>
      <Extensions>rc;ico;cur;bmp;dlg;rc2;rct;bin;rgs;gif;jpg;jpeg;jpe;resx;tiff;tif;png;wav;mfcribbon-ms</Extensions>
    </Filter>
  </ItemGroup>
  <ItemGroup>
    <ClCompile Include="src\reflection\attribs\GetAttribute.cpp">
      <Filter>Source Files</Filter>
    </ClCompile>
    <ClCompile Include="src\reflection\attribs\ImplicitAttribute.cpp">
      <Filter>Source Files</Filter>
    </ClCompile>
    <ClCompile Include="src\reflection\attribs\SetAttribute.cpp">
      <Filter>Source Files</Filter>
    </ClCompile>
    <ClCompile Include="src\reflection\Attribute.cpp">
      <Filter>Source Files</Filter>
    </ClCompile>
    <ClCompile Include="src\reflection\TauReflGenerator.cpp">
      <Filter>Source Files</Filter>
    </ClCompile>
    <ClCompile Include="src\reflection\processing\HeaderGenerator.cpp">
      <Filter>Source Files</Filter>
    </ClCompile>
    <ClCompile Include="src\reflection\processing\ReflectionASTWalker.cpp">
      <Filter>Source Files</Filter>
    </ClCompile>
    <ClCompile Include="src\reflection\processing\TagPreProcessor.cpp">
      <Filter>Source Files</Filter>
    </ClCompile>
    <ClCompile Include="src\reflection\attribs\NoListAttribute.cpp">
      <Filter>Source Files</Filter>
    </ClCompile>
    <ClCompile Include="src\codgen\StringTemplateLexer.cpp">
      <Filter>Source Files</Filter>
    </ClCompile>
    <ClCompile Include="src\codgen\ast\StringTemplateAST.cpp">
      <Filter>Source Files</Filter>
    </ClCompile>
    <ClCompile Include="src\codgen\StringTemplateVisitor.cpp">
      <Filter>Source Files</Filter>
    </ClCompile>
    <ClCompile Include="src\codgen\ast\StringTemplateFragmentAST.cpp">
      <Filter>Source Files</Filter>
    </ClCompile>
    <ClCompile Include="src\codgen\ast\StringTemplateVarAST.cpp">
      <Filter>Source Files</Filter>
    </ClCompile>
    <ClCompile Include="src\codgen\ast\StringTemplateLoopAST.cpp">
      <Filter>Source Files</Filter>
    </ClCompile>
    <ClCompile Include="src\codgen\ast\StringTemplateIfAST.cpp">
      <Filter>Source Files</Filter>
    </ClCompile>
  </ItemGroup>
  <ItemGroup>
    <ClInclude Include="include\reflection\Property.hpp">
      <Filter>Header Files</Filter>
    </ClInclude>
    <ClInclude Include="include\reflection\Class.hpp">
      <Filter>Header Files</Filter>
    </ClInclude>
    <ClInclude Include="include\reflection\attribs\GetAttribute.hpp">
      <Filter>Header Files</Filter>
    </ClInclude>
    <ClInclude Include="include\reflection\attribs\ImplicitAttribute.hpp">
      <Filter>Header Files</Filter>
    </ClInclude>
    <ClInclude Include="include\reflection\attribs\SetAttribute.hpp">
      <Filter>Header Files</Filter>
    </ClInclude>
    <ClInclude Include="include\reflection\Attribute.hpp">
      <Filter>Header Files</Filter>
    </ClInclude>
    <ClInclude Include="include\reflection\TagDeclaration.hpp">
      <Filter>Header Files</Filter>
    </ClInclude>
    <ClInclude Include="include\reflection\processing\FrontendFactoryHelper.hpp">
      <Filter>Header Files</Filter>
    </ClInclude>
    <ClInclude Include="include\reflection\processing\HeaderGenerator.hpp">
      <Filter>Header Files</Filter>
    </ClInclude>
    <ClInclude Include="include\reflection\processing\ReflectionASTWalker.hpp">
      <Filter>Header Files</Filter>
    </ClInclude>
    <ClInclude Include="include\reflection\processing\TagPreProcessor.hpp">
      <Filter>Header Files</Filter>
    </ClInclude>
    <ClInclude Include="include\reflection\Function.hpp">
      <Filter>Header Files</Filter>
    </ClInclude>
    <ClInclude Include="include\reflection\attribs\NoListAttribute.hpp">
      <Filter>Header Files</Filter>
    </ClInclude>
    <ClInclude Include="include\codegen\StringTemplateParser.hpp">
      <Filter>Header Files</Filter>
    </ClInclude>
    <ClInclude Include="include\codegen\StringTemplateLexer.hpp">
      <Filter>Header Files</Filter>
    </ClInclude>
    <ClInclude Include="include\codegen\ast\StringTemplateAST.hpp">
      <Filter>Header Files</Filter>
    </ClInclude>
    <ClInclude Include="include\codegen\StringTemplateVisitor.hpp">
      <Filter>Header Files</Filter>
    </ClInclude>
    <ClInclude Include="include\codegen\ast\StringTemplateFragmentAST.hpp">
      <Filter>Header Files</Filter>
    </ClInclude>
    <ClInclude Include="include\codegen\ast\StringTemplateLoopAST.hpp">
      <Filter>Header Files</Filter>
    </ClInclude>
    <ClInclude Include="include\codegen\ast\StringTemplateVarAST.hpp">
      <Filter>Header Files</Filter>
    </ClInclude>
    <ClInclude Include="include\codegen\ast\StringTemplateIfAST.hpp">
      <Filter>Header Files</Filter>
    </ClInclude>
  </ItemGroup>
  <ItemGroup>
    <None Include="include\reflection\Attribute.inl">
      <Filter>Header Files</Filter>
    </None>
  </ItemGroup>
</Project>