<?xml version="1.0" encoding="utf-8"?>
<Project ToolsVersion="4.0" xmlns="http://schemas.microsoft.com/developer/msbuild/2003">
  <ItemGroup>
    <Filter Include="Source Files">
      <UniqueIdentifier>{4FC737F1-C7A5-4376-A066-2A32D752A2FF}</UniqueIdentifier>
      <Extensions>cpp;c;cc;cxx;def;odl;idl;hpj;bat;asm;asmx</Extensions>
    </Filter>
    <Filter Include="Header Files">
      <UniqueIdentifier>{93995380-89BD-4b04-88EB-625FBE52EBFB}</UniqueIdentifier>
      <Extensions>h;hh;hpp;hxx;hm;inl;inc;ipp;xsd</Extensions>
    </Filter>
    <Filter Include="Resource Files">
      <UniqueIdentifier>{67DA6AB6-F800-4c08-8B7A-83BB121AAD01}</UniqueIdentifier>
      <Extensions>rc;ico;cur;bmp;dlg;rc2;rct;bin;rgs;gif;jpg;jpeg;jpe;resx;tiff;tif;png;wav;mfcribbon-ms</Extensions>
    </Filter>
  </ItemGroup>
  <ItemGroup>
    <ClInclude Include="include\AutoPtr.h">
      <Filter>Header Files</Filter>
    </ClInclude>
    <ClInclude Include="include\C_FileIO.h">
      <Filter>Header Files</Filter>
    </ClInclude>
    <ClInclude Include="include\CommandLineParser.h">
      <Filter>Header Files</Filter>
    </ClInclude>
    <ClInclude Include="include\Common.h">
      <Filter>Header Files</Filter>
    </ClInclude>
    <ClInclude Include="include\ComTry.h">
      <Filter>Header Files</Filter>
    </ClInclude>
    <ClInclude Include="include\Defs.h">
      <Filter>Header Files</Filter>
    </ClInclude>
    <ClInclude Include="include\DynamicBuffer.h">
      <Filter>Header Files</Filter>
    </ClInclude>
    <ClInclude Include="include\IntToString.h">
      <Filter>Header Files</Filter>
    </ClInclude>
    <ClInclude Include="include\Lang.h">
      <Filter>Header Files</Filter>
    </ClInclude>
    <ClInclude Include="include\ListFileUtils.h">
      <Filter>Header Files</Filter>
    </ClInclude>
    <ClInclude Include="include\MyBuffer.h">
      <Filter>Header Files</Filter>
    </ClInclude>
    <ClInclude Include="include\MyBuffer2.h">
      <Filter>Header Files</Filter>
    </ClInclude>
    <ClInclude Include="include\MyCom.h">
      <Filter>Header Files</Filter>
    </ClInclude>
    <ClInclude Include="include\MyException.h">
      <Filter>Header Files</Filter>
    </ClInclude>
    <ClInclude Include="include\MyGuidDef.h">
      <Filter>Header Files</Filter>
    </ClInclude>
    <ClInclude Include="include\MyInitGuid.h">
      <Filter>Header Files</Filter>
    </ClInclude>
    <ClInclude Include="include\MyLinux.h">
      <Filter>Header Files</Filter>
    </ClInclude>
    <ClInclude Include="include\MyString.h">
      <Filter>Header Files</Filter>
    </ClInclude>
    <ClInclude Include="include\MyTypes.h">
      <Filter>Header Files</Filter>
    </ClInclude>
    <ClInclude Include="include\MyUnknown.h">
      <Filter>Header Files</Filter>
    </ClInclude>
    <ClInclude Include="include\MyVector.h">
      <Filter>Header Files</Filter>
    </ClInclude>
    <ClInclude Include="include\MyWindows.h">
      <Filter>Header Files</Filter>
    </ClInclude>
    <ClInclude Include="include\NewHandler.h">
      <Filter>Header Files</Filter>
    </ClInclude>
    <ClInclude Include="include\StdAfx.h">
      <Filter>Header Files</Filter>
    </ClInclude>
    <ClInclude Include="include\StdInStream.h">
      <Filter>Header Files</Filter>
    </ClInclude>
    <ClInclude Include="include\StdOutStream.h">
      <Filter>Header Files</Filter>
    </ClInclude>
    <ClInclude Include="include\StringConvert.h">
      <Filter>Header Files</Filter>
    </ClInclude>
    <ClInclude Include="include\StringToInt.h">
      <Filter>Header Files</Filter>
    </ClInclude>
    <ClInclude Include="include\TextConfig.h">
      <Filter>Header Files</Filter>
    </ClInclude>
    <ClInclude Include="include\UTFConvert.h">
      <Filter>Header Files</Filter>
    </ClInclude>
    <ClInclude Include="include\Wildcard.h">
      <Filter>Header Files</Filter>
    </ClInclude>
    <ClInclude Include="include\Compiler.h">
      <Filter>Header Files</Filter>
    </ClInclude>
  </ItemGroup>
  <ItemGroup>
    <ClCompile Include="src\C_FileIO.cpp">
      <Filter>Source Files</Filter>
    </ClCompile>
    <ClCompile Include="src\CommandLineParser.cpp">
      <Filter>Source Files</Filter>
    </ClCompile>
    <ClCompile Include="src\CRC.cpp">
      <Filter>Source Files</Filter>
    </ClCompile>
    <ClCompile Include="src\CrcReg.cpp">
      <Filter>Source Files</Filter>
    </ClCompile>
    <ClCompile Include="src\IntToString.cpp">
      <Filter>Source Files</Filter>
    </ClCompile>
    <ClCompile Include="src\ListFileUtils.cpp">
      <Filter>Source Files</Filter>
    </ClCompile>
    <ClCompile Include="src\MyString.cpp">
      <Filter>Source Files</Filter>
    </ClCompile>
    <ClCompile Include="src\MyVector.cpp">
      <Filter>Source Files</Filter>
    </ClCompile>
    <ClCompile Include="src\MyWindows.cpp">
      <Filter>Source Files</Filter>
    </ClCompile>
    <ClCompile Include="src\NewHandler.cpp">
      <Filter>Source Files</Filter>
    </ClCompile>
    <ClCompile Include="src\Sha256Reg.cpp">
      <Filter>Source Files</Filter>
    </ClCompile>
    <ClCompile Include="src\StdInStream.cpp">
      <Filter>Source Files</Filter>
    </ClCompile>
    <ClCompile Include="src\StdOutStream.cpp">
      <Filter>Source Files</Filter>
    </ClCompile>
    <ClCompile Include="src\StringConvert.cpp">
      <Filter>Source Files</Filter>
    </ClCompile>
    <ClCompile Include="src\StringToInt.cpp">
      <Filter>Source Files</Filter>
    </ClCompile>
    <ClCompile Include="src\TextConfig.cpp">
      <Filter>Source Files</Filter>
    </ClCompile>
    <ClCompile Include="src\UTFConvert.cpp">
      <Filter>Source Files</Filter>
    </ClCompile>
    <ClCompile Include="src\Wildcard.cpp">
      <Filter>Source Files</Filter>
    </ClCompile>
    <ClCompile Include="src\XzCrc64Init.cpp">
      <Filter>Source Files</Filter>
    </ClCompile>
    <ClCompile Include="src\XzCrc64Reg.cpp">
      <Filter>Source Files</Filter>
    </ClCompile>
  </ItemGroup>
</Project>