<?xml version="1.0" encoding="utf-8"?>
<Project ToolsVersion="4.0" xmlns="http://schemas.microsoft.com/developer/msbuild/2003">
  <ItemGroup>
    <Filter Include="Source Files">
      <UniqueIdentifier>{4FC737F1-C7A5-4376-A066-2A32D752A2FF}</UniqueIdentifier>
      <Extensions>cpp;c;cc;cxx;c++;def;odl;idl;hpj;bat;asm;asmx</Extensions>
    </Filter>
    <Filter Include="Header Files">
      <UniqueIdentifier>{93995380-89BD-4b04-88EB-625FBE52EBFB}</UniqueIdentifier>
      <Extensions>h;hh;hpp;hxx;h++;hm;inl;inc;ipp;xsd</Extensions>
    </Filter>
    <Filter Include="Resource Files">
      <UniqueIdentifier>{67DA6AB6-F800-4c08-8B7A-83BB121AAD01}</UniqueIdentifier>
      <Extensions>rc;ico;cur;bmp;dlg;rc2;rct;bin;rgs;gif;jpg;jpeg;jpe;resx;tiff;tif;png;wav;mfcribbon-ms</Extensions>
    </Filter>
    <Filter Include="include">
      <UniqueIdentifier>{132d14d0-667a-4ce3-8c3c-33e18c2d2f40}</UniqueIdentifier>
    </Filter>
  </ItemGroup>
  <ItemGroup>
    <ClInclude Include="include\Vector4f.hpp">
      <Filter>Header Files</Filter>
    </ClInclude>
    <ClInclude Include="include\TauMathLibInternal.h">
      <Filter>Header Files</Filter>
    </ClInclude>
    <ClInclude Include="include\Vector4fIntrin.h">
      <Filter>Header Files</Filter>
    </ClInclude>
    <ClInclude Include="include\Vector3fIntrin.h">
      <Filter>Header Files</Filter>
    </ClInclude>
    <ClInclude Include="include\Vector3f.hpp">
      <Filter>Header Files</Filter>
    </ClInclude>
    <ClInclude Include="include\Matrix4x4f.hpp">
      <Filter>Header Files</Filter>
    </ClInclude>
    <ClInclude Include="include\Matrix4x4fIntrin.h">
      <Filter>Header Files</Filter>
    </ClInclude>
    <ClInclude Include="include\Vector2fIntrin.h">
      <Filter>Header Files</Filter>
    </ClInclude>
    <ClInclude Include="include\Vector2fBase.h">
      <Filter>Header Files</Filter>
    </ClInclude>
    <ClInclude Include="include\Vector2f.hpp">
      <Filter>Header Files</Filter>
    </ClInclude>
  </ItemGroup>
  <ItemGroup>
    <ClCompile Include="src\Vector4f.cpp">
      <Filter>Source Files</Filter>
    </ClCompile>
    <ClCompile Include="src\Vector3f.cpp">
      <Filter>Source Files</Filter>
    </ClCompile>
    <ClCompile Include="src\Matrix4x4f.cpp">
      <Filter>Source Files</Filter>
    </ClCompile>
    <ClCompile Include="src\Vector2f.cpp">
      <Filter>Source Files</Filter>
    </ClCompile>
  </ItemGroup>
  <ItemGroup>
    <BuildLlvmIR Include="src\Vector4fIntrin.ll" />
    <BuildLlvmIR Include="src\Vector3fIntrin.ll" />
    <BuildLlvmIR Include="src\Matrix4x4fIntrin.ll" />
    <BuildLlvmIR Include="src\Vector2fIntrin.ll" />
  </ItemGroup>
</Project>